version = 1
revision = 1
requires-python = ">=3.10"

[[package]]
name = "emoji"
version = "2.14.1"
source = { registry = "https://pypi.org/simple" }
sdist = { url = "https://files.pythonhosted.org/packages/cb/7d/01cddcbb6f5cc0ba72e00ddf9b1fa206c802d557fd0a20b18e130edf1336/emoji-2.14.1.tar.gz", hash = "sha256:f8c50043d79a2c1410ebfae833ae1868d5941a67a6cd4d18377e2eb0bd79346b", size = 597182 }
wheels = [
    { url = "https://files.pythonhosted.org/packages/91/db/a0335710caaa6d0aebdaa65ad4df789c15d89b7babd9a30277838a7d9aac/emoji-2.14.1-py3-none-any.whl", hash = "sha256:35a8a486c1460addb1499e3bf7929d3889b2e2841a57401903699fef595e942b", size = 590617 },
]

[[package]]
name = "fasttext-wheel"
version = "0.9.2"
source = { registry = "https://pypi.org/simple" }
dependencies = [
    { name = "numpy" },
    { name = "pybind11" },
    { name = "setuptools" },
]
sdist = { url = "https://files.pythonhosted.org/packages/c8/51/022e84b23ec435248a39f727dae94240321ebe2fdc104800de80410e1550/fasttext-wheel-0.9.2.tar.gz", hash = "sha256:056e088318ef0e0cc690c4cb18637320eaa3cdb986b62d67bb50d6a7a82e4051", size = 71384 }
wheels = [
    { url = "https://files.pythonhosted.org/packages/1e/ed/dd07bba161fd4bd08a67ab108e37b6ed919b0967913a82d33c45cc3ed047/fasttext_wheel-0.9.2-cp310-cp310-macosx_10_9_x86_64.whl", hash = "sha256:af606b17d47695a17ee87dc5a5c76e29cc957f08bd090cb2441e3815c030a99d", size = 638807 },
    { url = "https://files.pythonhosted.org/packages/c0/14/c3a40b7255b8f0d62090a153dad406855689daa44982b7ae70b84ee5cfef/fasttext_wheel-0.9.2-cp310-cp310-macosx_12_0_arm64.whl", hash = "sha256:c4e9e59778eb3f3a3c99bf3c1257791564fbafab9b80e89345ee0940c20e1648", size = 324329 },
    { url = "https://files.pythonhosted.org/packages/2a/ff/83af4b09e6500c891007ed1ee77e93c7bf6b909c69b0cf67489de3343c81/fasttext_wheel-0.9.2-cp310-cp310-manylinux2014_aarch64.whl", hash = "sha256:0e8a73ee48502dfc6243faf6799dec3067795a6dc02c1d47fedc620e80e9ee94", size = 2861268 },
    { url = "https://files.pythonhosted.org/packages/94/3d/9de31e989742bca76d85b297fe01d873cb8211ee4faaa8472a43c937783f/fasttext_wheel-0.9.2-cp310-cp310-manylinux2014_armv7l.whl", hash = "sha256:f1dba6805073d46495dc700a8e29a5524c87f141a29820664c47207260723e78", size = 2640861 },
    { url = "https://files.pythonhosted.org/packages/cb/cb/f5c76ed5c886dd5323e91c0d8d0264a3fae7a398a5fa5fb63eaf226d7893/fasttext_wheel-0.9.2-cp310-cp310-manylinux2014_ppc64.whl", hash = "sha256:3b7f0d76e2c2b20a582725dc9c7e3419bb55745ac2842271c2e785047b143ac7", size = 2907922 },
    { url = "https://files.pythonhosted.org/packages/0a/10/b1f0550ced5eb4c4a31edf8cd363e704d12a75a058a156340c794895ac1b/fasttext_wheel-0.9.2-cp310-cp310-manylinux2014_ppc64le.whl", hash = "sha256:dbad8ab4820b08273450a395f76a536044a749227ecac060ba48a1d70426768b", size = 2786856 },
    { url = "https://files.pythonhosted.org/packages/ae/00/d0ef9c22f09abc766aa50144e991e747dbb494c73636201ac2327d8ada55/fasttext_wheel-0.9.2-cp310-cp310-manylinux2014_s390x.whl", hash = "sha256:8280415f59178879963791da9b51eee23a0faf1230fbc770fe917801b5d8f3f6", size = 2829401 },
    { url = "https://files.pythonhosted.org/packages/21/f2/defd13727934b9ffa9c01c1facf1dc1353d9d19ad81e8c85f83b08d846b8/fasttext_wheel-0.9.2-cp310-cp310-manylinux_2_12_i686.manylinux2010_i686.whl", hash = "sha256:2cce299a49f50b5867fff464d1051beebe1d612b23213bb29b09f96935ca4ca0", size = 4332405 },
    { url = "https://files.pythonhosted.org/packages/cc/d9/f216866c2d31beac59ad97caa502e3208cf9b21581feba864d7c82ff5995/fasttext_wheel-0.9.2-cp310-cp310-manylinux_2_12_x86_64.manylinux2010_x86_64.whl", hash = "sha256:09a25790ad17ee21f31efe39d51e4106c718a1ed9c7ac0bdc1ad7512f2d64d22", size = 4472242 },
    { url = "https://files.pythonhosted.org/packages/14/a3/d7f8b00eb6aeca39d4beb9a683b78eaa9133e162c5cde09a9b16d4eb4611/fasttext_wheel-0.9.2-cp310-cp310-manylinux_2_17_i686.manylinux2014_i686.whl", hash = "sha256:6d5d47dacf4930254de1806b19cc603a0daac034477a27329dc7b3a4f4240d4a", size = 4342340 },
    { url = "https://files.pythonhosted.org/packages/3a/78/5af1ed52339a6c09277921f56e60cc1c167154147a3038ab77aaaf45ef19/fasttext_wheel-0.9.2-cp310-cp310-manylinux_2_17_x86_64.manylinux2014_x86_64.whl", hash = "sha256:0aa4755a3ab0717e32627ede55e9c12cd7bbba464c73af7f08a3142bd6c62df7", size = 4421996 },
    { url = "https://files.pythonhosted.org/packages/c6/fd/0f3d7275f4a4750f9ed847280df7182d7e1fe7e8dd6a329ad1fdc6f047ed/fasttext_wheel-0.9.2-cp310-cp310-win32.whl", hash = "sha256:5c4938600006dd13bb215f105adb971e8f129491e03cc5de5ac53f292cdbc9a6", size = 210491 },
    { url = "https://files.pythonhosted.org/packages/1f/08/9a495ba568887cb5f9022b600806beb39754ff0870d779b4976e039fdb24/fasttext_wheel-0.9.2-cp310-cp310-win_amd64.whl", hash = "sha256:acb1e336c63fcf46ef8965904c03589d230ebc6a3c4a7f05b0a32a7de85de11a", size = 241525 },
    { url = "https://files.pythonhosted.org/packages/e8/87/ff2a0cdcd422a951a3c000a809c2f77462085dde0192f10405377f5454e3/fasttext_wheel-0.9.2-cp311-cp311-macosx_10_9_x86_64.whl", hash = "sha256:a32cc0bee31985c5a15ae2ec4f7d777c84e84294d70969d7382961305b0851cf", size = 307771 },
    { url = "https://files.pythonhosted.org/packages/02/8a/625195477d08abc9d1674ee99c818f565c4a49849db75078c1e319a189db/fasttext_wheel-0.9.2-cp311-cp311-macosx_11_0_arm64.whl", hash = "sha256:aefd4dbecf4c243628a513c3f9f9008a4c94d63f4194cfde6d11975710f04b7c", size = 330705 },
    { url = "https://files.pythonhosted.org/packages/e3/24/8a85a2d6c80b303762f2bd296f7a3bbc1027ce6731a3d6f0bc28665c8065/fasttext_wheel-0.9.2-cp311-cp311-manylinux2014_aarch64.whl", hash = "sha256:ef5be5e24ad4aab61eb42c30e1a7909464b20958907c23dfe4037ef247755254", size = 2882873 },
    { url = "https://files.pythonhosted.org/packages/05/75/105f62d1d24e0bae7c53893c1bbe3cf6eed71c6aa33961105058647e2409/fasttext_wheel-0.9.2-cp311-cp311-manylinux2014_armv7l.whl", hash = "sha256:2dcbe5cb3ebad68667772ff2457d1d5ced69e9caa19fe35e53fe1b0c68db69f6", size = 2661872 },
    { url = "https://files.pythonhosted.org/packages/2d/86/2b43814c0f0722e3800ffb0ab873f7d17d9ec107d0b7b477583e6e8ac769/fasttext_wheel-0.9.2-cp311-cp311-manylinux2014_ppc64.whl", hash = "sha256:b1e6c4aee8dfc5629aba54c0c044eb0c699b3f82ee5f0f1a8edf69c84ffaa1bd", size = 2931234 },
    { url = "https://files.pythonhosted.org/packages/31/c4/74783db26f0067ce9508678b18e033b0d0575e389a7a93431aae0338afcd/fasttext_wheel-0.9.2-cp311-cp311-manylinux2014_ppc64le.whl", hash = "sha256:ad1a3e10354cb71cb2e182ce4cb7fa61fd2396fe4e28d52002b8f6a749138e4d", size = 2809784 },
    { url = "https://files.pythonhosted.org/packages/5d/bf/a9053e329d43a8daac6afe21f4e856b9f2dabfd69e2a8359c23e3c2e345b/fasttext_wheel-0.9.2-cp311-cp311-manylinux2014_s390x.whl", hash = "sha256:c7b94290bc5bf1a8f2cf6ca2e84364bca3588525625907323d3a77bc96365915", size = 2849750 },
    { url = "https://files.pythonhosted.org/packages/64/4d/39e0520fbbde6861467948dfd188aefca614c671e5801ca86b95059f9b1d/fasttext_wheel-0.9.2-cp311-cp311-manylinux_2_17_i686.manylinux2014_i686.whl", hash = "sha256:9e09cff3f2002cdef5f046a0969a0bf886d5386c2eb1c15874d90f9a95edb8d0", size = 4351369 },
    { url = "https://files.pythonhosted.org/packages/f6/13/94644fa56b36d5638e2c689f4506e2685a13c78765d03ae22294711460d4/fasttext_wheel-0.9.2-cp311-cp311-manylinux_2_17_x86_64.manylinux2014_x86_64.whl", hash = "sha256:1ec13d485e0202e729b3bcb7283dda9c499581f691fa8e835e237ee5cf69a2b5", size = 4430756 },
    { url = "https://files.pythonhosted.org/packages/d9/e3/401187b0dbb79c9e878f74aa70921478817ef3a154d2edd2b41c5ab4d476/fasttext_wheel-0.9.2-cp311-cp311-win32.whl", hash = "sha256:39d3201a8e6dabf59c0d8f9a7064d12bb996bca38f5f15e5a678e12fcbd39a35", size = 202482 },
    { url = "https://files.pythonhosted.org/packages/96/58/2d1c2557cefa8d30c7e7ed182cac53cc811b4dcf265ffa64fb8e8a6287c5/fasttext_wheel-0.9.2-cp311-cp311-win_amd64.whl", hash = "sha256:1afb40118fb1b39e159bbdded14834a6a95415c0be957553647b9d70c7cc45ff", size = 232405 },
    { url = "https://files.pythonhosted.org/packages/1e/80/382fc6db2a7d80f343ff26f7506f1214dcc1ac1c9fcca1d1c61faee80be7/fasttext_wheel-0.9.2-cp312-cp312-macosx_10_9_x86_64.whl", hash = "sha256:cc650bd6984ea15207ab09e56f20c2fd09fe90822f4663896185cedb79825d6d", size = 310613 },
    { url = "https://files.pythonhosted.org/packages/cf/91/9dc1baf7d53fcf980406656d568a609cdec5afa94765fd4e32850f74e8d6/fasttext_wheel-0.9.2-cp312-cp312-manylinux2014_aarch64.whl", hash = "sha256:1d673dc21be911134142642e5cf3a92537f565156ede0871f3a769108f446163", size = 2944693 },
    { url = "https://files.pythonhosted.org/packages/f3/6f/fb366b9cb5531e5df51cf67e2693d7bf9b1f4ace859e0e70d62b73c818d3/fasttext_wheel-0.9.2-cp312-cp312-manylinux2014_armv7l.whl", hash = "sha256:a0bbeaf364fdae4269648391ce44f3c4d5774ec7bea614b65b7c51254f1697fd", size = 2700507 },
    { url = "https://files.pythonhosted.org/packages/21/54/637ccc9b6f064e31151e16d7bc597696deff85998a0a6b0cec970aeb22f4/fasttext_wheel-0.9.2-cp312-cp312-manylinux2014_ppc64.whl", hash = "sha256:6ab035ecdf8debd35bf513613abaca714876b799fede8ab32c3841417178c543", size = 2986372 },
    { url = "https://files.pythonhosted.org/packages/09/c3/a9b5519a2d4eee79994a19ae8d4a093fff064802f62fde2402470c160502/fasttext_wheel-0.9.2-cp312-cp312-manylinux2014_ppc64le.whl", hash = "sha256:0a30b779f3f77eca0d31bb11c074fadbc5ab9e6e4c7cdb3135780a61d63eb3fb", size = 2866335 },
    { url = "https://files.pythonhosted.org/packages/89/09/f2832c3f4d8d38dcc072c9d15632125ccd61e62243e4d0ef99eaf545bf26/fasttext_wheel-0.9.2-cp312-cp312-manylinux2014_s390x.whl", hash = "sha256:ca27b054837168dd34b202ef59c903fd713d2307c9d27814ff67bc2d6beeadd2", size = 2903536 },
    { url = "https://files.pythonhosted.org/packages/fe/0a/4f841f20618e9dcd3420b161d26df77042837a7346aa09ed8eda002ab676/fasttext_wheel-0.9.2-cp312-cp312-manylinux_2_17_i686.manylinux2014_i686.whl", hash = "sha256:e73457b66edd1fb893092c1717102e7e7d184a9413735801a4c39d0299846940", size = 4469299 },
    { url = "https://files.pythonhosted.org/packages/ff/40/ed638abf8ac6fd0d1e7c47d07d37621e86f46522bbad0bec6e4f6d85a39d/fasttext_wheel-0.9.2-cp312-cp312-manylinux_2_17_x86_64.manylinux2014_x86_64.whl", hash = "sha256:5758d911a4e4539c75e93d58d9feee2c6de96a5addc4f4d7d76ed4e8953a4f35", size = 4565768 },
    { url = "https://files.pythonhosted.org/packages/94/98/1c655e814d470ee5ae978b21739ad8a1a598a14b9929b1e966a8fdfe5ce6/fasttext_wheel-0.9.2-cp312-cp312-win32.whl", hash = "sha256:79bfa9b168c115e3b4eab1f7694a80ca6a9ea96ee5e2e4d737e07f5b61812ae8", size = 204177 },
    { url = "https://files.pythonhosted.org/packages/d3/e1/5c1880859a122a57793d13685af6451bcb67be90bf74549bcf042c2ade6b/fasttext_wheel-0.9.2-cp312-cp312-win_amd64.whl", hash = "sha256:8a0cc9e92377d27835a71862c68782e70c9bbd2a666a1a51b2c8261fc9892470", size = 234667 },
]

[[package]]
name = "lingua-language-detector"
version = "2.0.2"
source = { registry = "https://pypi.org/simple" }
wheels = [
    { url = "https://files.pythonhosted.org/packages/dd/36/ea5252b1529220813b835066d8e1658812753597b3e67abaf7421834a7b6/lingua_language_detector-2.0.2-cp310-cp310-macosx_10_7_x86_64.whl", hash = "sha256:972b76218a2d72095c372e8b592b6ba0295a47880387de2d7c9c38da64d76a10", size = 73639498 },
    { url = "https://files.pythonhosted.org/packages/ea/b4/cec792d712194b63025983b9ef7e7392681ab0a565d7327b97d2f11110e7/lingua_language_detector-2.0.2-cp310-cp310-macosx_11_0_arm64.whl", hash = "sha256:9ae0c1fac75528db15c293160ff1d5feeba0dbc0d2f3a43e62ba07163cf81354", size = 74096472 },
    { url = "https://files.pythonhosted.org/packages/a5/d7/15009996bc2441334c20b77b8e081693431598b4612d0e6e8d8568d0f0b5/lingua_language_detector-2.0.2-cp310-cp310-manylinux_2_12_i686.manylinux2010_i686.whl", hash = "sha256:51adc3ac5c39a1d245394e6f02a197896e380b908642f4a19bef7554029f6437", size = 74753060 },
    { url = "https://files.pythonhosted.org/packages/7d/5a/0b1844fd6c6aaf1c4d2b03201f36ad40e82208dfccd6bc4ff5e66c7d813a/lingua_language_detector-2.0.2-cp310-cp310-manylinux_2_17_aarch64.manylinux2014_aarch64.whl", hash = "sha256:013a57405ce9b5d03250fc50cd09b10122f21398851c4ecce98647fe7585b5f4", size = 74661325 },
    { url = "https://files.pythonhosted.org/packages/fc/4d/07b82d7fd5d39d00c42c0ec46dc8dd9230b4236a7b67b34df8f3a34013b2/lingua_language_detector-2.0.2-cp310-cp310-manylinux_2_17_x86_64.manylinux2014_x86_64.whl", hash = "sha256:d24190b5e75c466fe3117310aeae2d11e30e62dfb531c288a85b9b6ab11c94e2", size = 74702667 },
    { url = "https://files.pythonhosted.org/packages/be/5f/98c963953ddee03d93482912ed26f7eafcfbf1d4217ae900e517998f24f6/lingua_language_detector-2.0.2-cp310-cp310-musllinux_1_2_aarch64.whl", hash = "sha256:4e162f9aa34c4f78bc48a69b557b58f783e1ee1dd369e99ab7d2b14bdac3447f", size = 74623688 },
    { url = "https://files.pythonhosted.org/packages/52/29/0181e8ef99ec9f8f10dedc332863fa769a45e76e09ff2513dfc46ac98b73/lingua_language_detector-2.0.2-cp310-cp310-musllinux_1_2_i686.whl", hash = "sha256:a8092529499ab8bb1beece1a9f4c241b1d0c3ab6c36b181833c4107b81ae5d1d", size = 74600383 },
    { url = "https://files.pythonhosted.org/packages/5f/66/bbbbdd8236b887c2bfe97608c5181e177b91d6a78ec5973e5291bd2a2f3c/lingua_language_detector-2.0.2-cp310-cp310-musllinux_1_2_x86_64.whl", hash = "sha256:ce3233f1c05c623eafdbfb751bd8ac47e20c4bfd744ba6dda5d5c47db7149425", size = 74660643 },
    { url = "https://files.pythonhosted.org/packages/09/16/54c27f9ede92fc9d0087ec2c949b2623b6f217b6f117d45e75636b560f96/lingua_language_detector-2.0.2-cp310-none-win32.whl", hash = "sha256:ffa8eff2bbfbf80469a6c4ee3864ccfd4dc7150717e9a1abcf4580b354ccea10", size = 73221115 },
    { url = "https://files.pythonhosted.org/packages/bc/de/6067ca0b56af998a6cdef6f7b25fbb964c9f25f90ee4dafb2368aeb94730/lingua_language_detector-2.0.2-cp310-none-win_amd64.whl", hash = "sha256:745befc3a1e4c9510d00ad34cac206b678944257fc8b5c1cd7b512310cd7fdbd", size = 73328368 },
    { url = "https://files.pythonhosted.org/packages/b1/a0/5bcf57bcc9f07e4832a9ff5d4fcc0225c79e92e946b2136b4201f0ccdf75/lingua_language_detector-2.0.2-cp311-cp311-macosx_10_7_x86_64.whl", hash = "sha256:14216ee3aeb0c9ab6a5665d71a1399653fe635ed66f208165ed67346feeb2a5c", size = 73638559 },
    { url = "https://files.pythonhosted.org/packages/4f/a4/b7cbdea7c3c25f9856e62ebdce910b51a4d08d210206d50ce040bfae3f5e/lingua_language_detector-2.0.2-cp311-cp311-macosx_11_0_arm64.whl", hash = "sha256:ca558c52130a3a2a1fa432504fc71d4c6e2370340008d4bad261b33c05f81b3f", size = 74096293 },
    { url = "https://files.pythonhosted.org/packages/a6/29/f707aae9410ed3154c3526d9803866b05384423189a49503b9164786cb2e/lingua_language_detector-2.0.2-cp311-cp311-manylinux_2_12_i686.manylinux2010_i686.whl", hash = "sha256:a7ae33db037acb47c6517a938885dab4b8bf14e6d6b27a9fa7e237e8680babbc", size = 74752055 },
    { url = "https://files.pythonhosted.org/packages/bb/67/d873f0a05daa9923e48ddbb857a6c240a9f864016e010aa811118b4008c9/lingua_language_detector-2.0.2-cp311-cp311-manylinux_2_17_aarch64.manylinux2014_aarch64.whl", hash = "sha256:d6b22ad7d05db4ae6ef8ff127ccee2afb456941ddd781dc8675f110f77de8337", size = 74661524 },
    { url = "https://files.pythonhosted.org/packages/05/59/5dbee53dd15f76f6c1258de75d11ab708cbaad86a08abc525249adba0cf9/lingua_language_detector-2.0.2-cp311-cp311-manylinux_2_17_x86_64.manylinux2014_x86_64.whl", hash = "sha256:5d39aa5ca1b2d51aee46c7c96fa7ad0463dd2471a1b9827019b71fa367c918be", size = 74701784 },
    { url = "https://files.pythonhosted.org/packages/cd/3f/37c181ff67d29b6079287d8e9afe20ea20fc5dc648f9eef8f384ecd7a030/lingua_language_detector-2.0.2-cp311-cp311-musllinux_1_2_aarch64.whl", hash = "sha256:d1502bb5e33a9f535b735cb8a898d96b81a63d19a1d2143f76e3b1ae7b7651ae", size = 74619191 },
    { url = "https://files.pythonhosted.org/packages/3d/a4/aebfae8133642d2b1dcaf7d39cc623bdf2a96cfded945054f36bb9a29e64/lingua_language_detector-2.0.2-cp311-cp311-musllinux_1_2_i686.whl", hash = "sha256:d72a650be1c44e69dacac26aa7ab354790f95191bc830b3d43ab32ec71388a25", size = 74600253 },
    { url = "https://files.pythonhosted.org/packages/68/c7/81d9dfd992f25ea06c103335855aae8e678f356242fa1228cde23dc5ce52/lingua_language_detector-2.0.2-cp311-cp311-musllinux_1_2_x86_64.whl", hash = "sha256:2c9588ed7e1dfbe06190d6946cd0a9c0f4f22018f09dc37bb6ac686bcfd67907", size = 74662800 },
    { url = "https://files.pythonhosted.org/packages/63/3c/a6bc5fb5d176786115a31ba9e3862615f9455edc90c72a4e797e6993c855/lingua_language_detector-2.0.2-cp311-none-win32.whl", hash = "sha256:c0a9fcaaf3a05b7b0b199414bfcdfc06a90b6779bfc37f784fafd45a0dad3201", size = 73224123 },
    { url = "https://files.pythonhosted.org/packages/74/43/15c766f6a1749a3e0b0794e64223f7be4bf209e9d59f7b10bd5a45771be9/lingua_language_detector-2.0.2-cp311-none-win_amd64.whl", hash = "sha256:7ca5e4643cbb229c4eaae198458a5fafdeb812576edb3a160a5c2e4951d3cd1c", size = 73329231 },
    { url = "https://files.pythonhosted.org/packages/dd/af/e4a17f42a0fd58704dd0d65c9ac9c09c3305553d684089c15f3642d51ae4/lingua_language_detector-2.0.2-cp312-cp312-macosx_10_7_x86_64.whl", hash = "sha256:f5abfba01b9d1d4e23c647871203692f6e14cbd41a5d99a19ae3504e987a175c", size = 73635170 },
    { url = "https://files.pythonhosted.org/packages/42/15/8bf4abfe7147649c1f18521a65c790dcc646e2cc56e26bd02f5217d6b1d1/lingua_language_detector-2.0.2-cp312-cp312-macosx_11_0_arm64.whl", hash = "sha256:afb62a4ec7f758d1bc12e0bcb6178d762d4ca26cb5e005f5a24f79ef52f47dec", size = 74094414 },
    { url = "https://files.pythonhosted.org/packages/87/35/e1b4194d241faea2bbe6237e2b6f6ed0b891a935eb5e1db8eae5345abc44/lingua_language_detector-2.0.2-cp312-cp312-manylinux_2_12_i686.manylinux2010_i686.whl", hash = "sha256:3a9395f4030cf6eaaa7e432cb167fbaa577109c38114ab1dbdfdd75693b3048b", size = 74747657 },
    { url = "https://files.pythonhosted.org/packages/a0/cc/d2db3b36a34b956604020e7ee2db9065b4f41a0697c4b8f69012d1cbfaec/lingua_language_detector-2.0.2-cp312-cp312-manylinux_2_17_aarch64.manylinux2014_aarch64.whl", hash = "sha256:ed54511cc9e4bb721c7f0530870494918985fabf3a30c1fe9a26649416ed83c7", size = 74657135 },
    { url = "https://files.pythonhosted.org/packages/3e/bb/636205c1f3395481a364c47cc2e825d220165b0f9ebe0f9b4afa1eb539d9/lingua_language_detector-2.0.2-cp312-cp312-manylinux_2_17_x86_64.manylinux2014_x86_64.whl", hash = "sha256:f1571a68601a60b3eaf246ce9c2ad7b9d515609116f3a01c7536f20e2f9e7437", size = 74693279 },
    { url = "https://files.pythonhosted.org/packages/11/69/21eca49d91a8a0828c80991ff44de88d87c017ec010d2966e8628ad5e849/lingua_language_detector-2.0.2-cp312-cp312-musllinux_1_2_aarch64.whl", hash = "sha256:652936f5e109784528f643062c704ad02572994cf05cfb7c609f96f0ae6259ed", size = 74624105 },
    { url = "https://files.pythonhosted.org/packages/94/55/21540e557afbf1111b7dba64d8d5d9de4faa285f61e17e71bf3507262fcc/lingua_language_detector-2.0.2-cp312-cp312-musllinux_1_2_i686.whl", hash = "sha256:5fcc06b49c65cf6083afc7b6bd6ea26a43da8107d849842e4647a19c0ce68f66", size = 74612463 },
    { url = "https://files.pythonhosted.org/packages/31/06/aa8f42beefe7601343349ab2815c07d07e40f4348d482eec7b581553f8d0/lingua_language_detector-2.0.2-cp312-cp312-musllinux_1_2_x86_64.whl", hash = "sha256:9012c74eea7d07c63c47fceaa3a6bc1e216954107b08beb421b64c717912be0d", size = 74669817 },
    { url = "https://files.pythonhosted.org/packages/a3/2a/d4b0df117a457a5953926299b02b64ee3337cfa31dcc85a7ee968dee8a56/lingua_language_detector-2.0.2-cp312-none-win32.whl", hash = "sha256:9a256aadabf76a915910dd430724592f417942a443dc980a325a154c3f93f547", size = 73223556 },
    { url = "https://files.pythonhosted.org/packages/6c/80/d3dcbdcde9012b2e0b29374aee89e55159e528a9590d380ae85381588fb8/lingua_language_detector-2.0.2-cp312-none-win_amd64.whl", hash = "sha256:72866175ff3d78b3d9244932ffbbb731471bca3758a2a825c60331ecdfb10851", size = 73329056 },
    { url = "https://files.pythonhosted.org/packages/99/97/1807b00bd6aa22239992e03cd36b867f546450e6c9fe3d82651a23cc9975/lingua_language_detector-2.0.2-pp310-pypy310_pp73-macosx_10_7_x86_64.whl", hash = "sha256:fc6f2548fe6aa94ac0a0868cd67b468dc6b03982ecb9d6d04aeb6716d45995c2", size = 73636880 },
    { url = "https://files.pythonhosted.org/packages/43/8d/f0744addc8611c971aa7cf9dee11e6eaf08accb30a3b5c69e677b07d4e13/lingua_language_detector-2.0.2-pp310-pypy310_pp73-macosx_11_0_arm64.whl", hash = "sha256:9be364224fc088cf9b0e95fbe19dcc884238f9194ffd015d223400334f7f57c7", size = 74095527 },
    { url = "https://files.pythonhosted.org/packages/7b/16/ef8283fbe2e104f5906ab1f80eb12ba4b5ae1651836c822eca0ff947fa87/lingua_language_detector-2.0.2-pp310-pypy310_pp73-manylinux_2_12_i686.manylinux2010_i686.whl", hash = "sha256:aa499e82d66e12a242f51de51517d86e4cf0969c29379a9bae16a12853519c80", size = 74747126 },
    { url = "https://files.pythonhosted.org/packages/5e/95/395bd5e890ad1af2457276367cf13e1fcaec7fee1abab1d23d3c2b02aa74/lingua_language_detector-2.0.2-pp310-pypy310_pp73-manylinux_2_17_aarch64.manylinux2014_aarch64.whl", hash = "sha256:9eb520f8de3906db10df68c4dcd48c5ed9a3c6eb593d3d94a9875627eead010a", size = 74661823 },
    { url = "https://files.pythonhosted.org/packages/a0/80/d578ed268f1f7dac583b5947fa32b571ccaa84ba99d3fcd9371ab097bbf9/lingua_language_detector-2.0.2-pp310-pypy310_pp73-manylinux_2_17_x86_64.manylinux2014_x86_64.whl", hash = "sha256:ccb2aa354d659abddcaa067bc403fc32549d1f531ce99b5d4d336b7c796ed111", size = 74701510 },
    { url = "https://files.pythonhosted.org/packages/3c/06/d8b390f4cbdafedbe01f709778f97f2640d7727270f191f8d32cc1ca6315/lingua_language_detector-2.0.2-pp310-pypy310_pp73-musllinux_1_2_aarch64.whl", hash = "sha256:1eeb4390c7b2b570013bbcbfb2292beda4b60e6c22631b27937160814fa38f8d", size = 74626148 },
    { url = "https://files.pythonhosted.org/packages/0d/5c/0ad7678d7c6c3020f45af22b28fc964b185a8a7c931ad6e6910af9b24bd2/lingua_language_detector-2.0.2-pp310-pypy310_pp73-musllinux_1_2_i686.whl", hash = "sha256:8286b031302e32ac7a81d4f4f0a379b8ce1031422424eba3b1c8d721b956c4cb", size = 74599325 },
    { url = "https://files.pythonhosted.org/packages/61/05/a2f6200ed2fefd7d2d7f0047a22090e60444fb49bb7760a546b36420f4f6/lingua_language_detector-2.0.2-pp310-pypy310_pp73-musllinux_1_2_x86_64.whl", hash = "sha256:3d2e8a34e4d9830714f1de6728eec182a36d243f038d1b7b71a29cc63408ad2d", size = 74669354 },
]

[[package]]
name = "numpy"
version = "1.26.4"
source = { registry = "https://pypi.org/simple" }
sdist = { url = "https://files.pythonhosted.org/packages/65/6e/09db70a523a96d25e115e71cc56a6f9031e7b8cd166c1ac8438307c14058/numpy-1.26.4.tar.gz", hash = "sha256:2a02aba9ed12e4ac4eb3ea9421c420301a0c6460d9830d74a9df87efa4912010", size = 15786129 }
wheels = [
    { url = "https://files.pythonhosted.org/packages/a7/94/ace0fdea5241a27d13543ee117cbc65868e82213fb31a8eb7fe9ff23f313/numpy-1.26.4-cp310-cp310-macosx_10_9_x86_64.whl", hash = "sha256:9ff0f4f29c51e2803569d7a51c2304de5554655a60c5d776e35b4a41413830d0", size = 20631468 },
    { url = "https://files.pythonhosted.org/packages/20/f7/b24208eba89f9d1b58c1668bc6c8c4fd472b20c45573cb767f59d49fb0f6/numpy-1.26.4-cp310-cp310-macosx_11_0_arm64.whl", hash = "sha256:2e4ee3380d6de9c9ec04745830fd9e2eccb3e6cf790d39d7b98ffd19b0dd754a", size = 13966411 },
    { url = "https://files.pythonhosted.org/packages/fc/a5/4beee6488160798683eed5bdb7eead455892c3b4e1f78d79d8d3f3b084ac/numpy-1.26.4-cp310-cp310-manylinux_2_17_aarch64.manylinux2014_aarch64.whl", hash = "sha256:d209d8969599b27ad20994c8e41936ee0964e6da07478d6c35016bc386b66ad4", size = 14219016 },
    { url = "https://files.pythonhosted.org/packages/4b/d7/ecf66c1cd12dc28b4040b15ab4d17b773b87fa9d29ca16125de01adb36cd/numpy-1.26.4-cp310-cp310-manylinux_2_17_x86_64.manylinux2014_x86_64.whl", hash = "sha256:ffa75af20b44f8dba823498024771d5ac50620e6915abac414251bd971b4529f", size = 18240889 },
    { url = "https://files.pythonhosted.org/packages/24/03/6f229fe3187546435c4f6f89f6d26c129d4f5bed40552899fcf1f0bf9e50/numpy-1.26.4-cp310-cp310-musllinux_1_1_aarch64.whl", hash = "sha256:62b8e4b1e28009ef2846b4c7852046736bab361f7aeadeb6a5b89ebec3c7055a", size = 13876746 },
    { url = "https://files.pythonhosted.org/packages/39/fe/39ada9b094f01f5a35486577c848fe274e374bbf8d8f472e1423a0bbd26d/numpy-1.26.4-cp310-cp310-musllinux_1_1_x86_64.whl", hash = "sha256:a4abb4f9001ad2858e7ac189089c42178fcce737e4169dc61321660f1a96c7d2", size = 18078620 },
    { url = "https://files.pythonhosted.org/packages/d5/ef/6ad11d51197aad206a9ad2286dc1aac6a378059e06e8cf22cd08ed4f20dc/numpy-1.26.4-cp310-cp310-win32.whl", hash = "sha256:bfe25acf8b437eb2a8b2d49d443800a5f18508cd811fea3181723922a8a82b07", size = 5972659 },
    { url = "https://files.pythonhosted.org/packages/19/77/538f202862b9183f54108557bfda67e17603fc560c384559e769321c9d92/numpy-1.26.4-cp310-cp310-win_amd64.whl", hash = "sha256:b97fe8060236edf3662adfc2c633f56a08ae30560c56310562cb4f95500022d5", size = 15808905 },
    { url = "https://files.pythonhosted.org/packages/11/57/baae43d14fe163fa0e4c47f307b6b2511ab8d7d30177c491960504252053/numpy-1.26.4-cp311-cp311-macosx_10_9_x86_64.whl", hash = "sha256:4c66707fabe114439db9068ee468c26bbdf909cac0fb58686a42a24de1760c71", size = 20630554 },
    { url = "https://files.pythonhosted.org/packages/1a/2e/151484f49fd03944c4a3ad9c418ed193cfd02724e138ac8a9505d056c582/numpy-1.26.4-cp311-cp311-macosx_11_0_arm64.whl", hash = "sha256:edd8b5fe47dab091176d21bb6de568acdd906d1887a4584a15a9a96a1dca06ef", size = 13997127 },
    { url = "https://files.pythonhosted.org/packages/79/ae/7e5b85136806f9dadf4878bf73cf223fe5c2636818ba3ab1c585d0403164/numpy-1.26.4-cp311-cp311-manylinux_2_17_aarch64.manylinux2014_aarch64.whl", hash = "sha256:7ab55401287bfec946ced39700c053796e7cc0e3acbef09993a9ad2adba6ca6e", size = 14222994 },
    { url = "https://files.pythonhosted.org/packages/3a/d0/edc009c27b406c4f9cbc79274d6e46d634d139075492ad055e3d68445925/numpy-1.26.4-cp311-cp311-manylinux_2_17_x86_64.manylinux2014_x86_64.whl", hash = "sha256:666dbfb6ec68962c033a450943ded891bed2d54e6755e35e5835d63f4f6931d5", size = 18252005 },
    { url = "https://files.pythonhosted.org/packages/09/bf/2b1aaf8f525f2923ff6cfcf134ae5e750e279ac65ebf386c75a0cf6da06a/numpy-1.26.4-cp311-cp311-musllinux_1_1_aarch64.whl", hash = "sha256:96ff0b2ad353d8f990b63294c8986f1ec3cb19d749234014f4e7eb0112ceba5a", size = 13885297 },
    { url = "https://files.pythonhosted.org/packages/df/a0/4e0f14d847cfc2a633a1c8621d00724f3206cfeddeb66d35698c4e2cf3d2/numpy-1.26.4-cp311-cp311-musllinux_1_1_x86_64.whl", hash = "sha256:60dedbb91afcbfdc9bc0b1f3f402804070deed7392c23eb7a7f07fa857868e8a", size = 18093567 },
    { url = "https://files.pythonhosted.org/packages/d2/b7/a734c733286e10a7f1a8ad1ae8c90f2d33bf604a96548e0a4a3a6739b468/numpy-1.26.4-cp311-cp311-win32.whl", hash = "sha256:1af303d6b2210eb850fcf03064d364652b7120803a0b872f5211f5234b399f20", size = 5968812 },
    { url = "https://files.pythonhosted.org/packages/3f/6b/5610004206cf7f8e7ad91c5a85a8c71b2f2f8051a0c0c4d5916b76d6cbb2/numpy-1.26.4-cp311-cp311-win_amd64.whl", hash = "sha256:cd25bcecc4974d09257ffcd1f098ee778f7834c3ad767fe5db785be9a4aa9cb2", size = 15811913 },
    { url = "https://files.pythonhosted.org/packages/95/12/8f2020a8e8b8383ac0177dc9570aad031a3beb12e38847f7129bacd96228/numpy-1.26.4-cp312-cp312-macosx_10_9_x86_64.whl", hash = "sha256:b3ce300f3644fb06443ee2222c2201dd3a89ea6040541412b8fa189341847218", size = 20335901 },
    { url = "https://files.pythonhosted.org/packages/75/5b/ca6c8bd14007e5ca171c7c03102d17b4f4e0ceb53957e8c44343a9546dcc/numpy-1.26.4-cp312-cp312-macosx_11_0_arm64.whl", hash = "sha256:03a8c78d01d9781b28a6989f6fa1bb2c4f2d51201cf99d3dd875df6fbd96b23b", size = 13685868 },
    { url = "https://files.pythonhosted.org/packages/79/f8/97f10e6755e2a7d027ca783f63044d5b1bc1ae7acb12afe6a9b4286eac17/numpy-1.26.4-cp312-cp312-manylinux_2_17_aarch64.manylinux2014_aarch64.whl", hash = "sha256:9fad7dcb1aac3c7f0584a5a8133e3a43eeb2fe127f47e3632d43d677c66c102b", size = 13925109 },
    { url = "https://files.pythonhosted.org/packages/0f/50/de23fde84e45f5c4fda2488c759b69990fd4512387a8632860f3ac9cd225/numpy-1.26.4-cp312-cp312-manylinux_2_17_x86_64.manylinux2014_x86_64.whl", hash = "sha256:675d61ffbfa78604709862923189bad94014bef562cc35cf61d3a07bba02a7ed", size = 17950613 },
    { url = "https://files.pythonhosted.org/packages/4c/0c/9c603826b6465e82591e05ca230dfc13376da512b25ccd0894709b054ed0/numpy-1.26.4-cp312-cp312-musllinux_1_1_aarch64.whl", hash = "sha256:ab47dbe5cc8210f55aa58e4805fe224dac469cde56b9f731a4c098b91917159a", size = 13572172 },
    { url = "https://files.pythonhosted.org/packages/76/8c/2ba3902e1a0fc1c74962ea9bb33a534bb05984ad7ff9515bf8d07527cadd/numpy-1.26.4-cp312-cp312-musllinux_1_1_x86_64.whl", hash = "sha256:1dda2e7b4ec9dd512f84935c5f126c8bd8b9f2fc001e9f54af255e8c5f16b0e0", size = 17786643 },
    { url = "https://files.pythonhosted.org/packages/28/4a/46d9e65106879492374999e76eb85f87b15328e06bd1550668f79f7b18c6/numpy-1.26.4-cp312-cp312-win32.whl", hash = "sha256:50193e430acfc1346175fcbdaa28ffec49947a06918b7b92130744e81e640110", size = 5677803 },
    { url = "https://files.pythonhosted.org/packages/16/2e/86f24451c2d530c88daf997cb8d6ac622c1d40d19f5a031ed68a4b73a374/numpy-1.26.4-cp312-cp312-win_amd64.whl", hash = "sha256:08beddf13648eb95f8d867350f6a018a4be2e5ad54c8d8caed89ebca558b2818", size = 15517754 },
]

[[package]]
name = "pybind11"
version = "2.13.6"
source = { registry = "https://pypi.org/simple" }
sdist = { url = "https://files.pythonhosted.org/packages/d2/c1/72b9622fcb32ff98b054f724e213c7f70d6898baa714f4516288456ceaba/pybind11-2.13.6.tar.gz", hash = "sha256:ba6af10348c12b24e92fa086b39cfba0eff619b61ac77c406167d813b096d39a", size = 218403 }
wheels = [
    { url = "https://files.pythonhosted.org/packages/13/2f/0f24b288e2ce56f51c920137620b4434a38fd80583dbbe24fc2a1656c388/pybind11-2.13.6-py3-none-any.whl", hash = "sha256:237c41e29157b962835d356b370ededd57594a26d5894a795960f0047cb5caf5", size = 243282 },
]

[[package]]
name = "setuptools"
version = "75.8.1"
source = { registry = "https://pypi.org/simple" }
sdist = { url = "https://files.pythonhosted.org/packages/e8/42/0e5f75d734f181367de4acd9aba8f875453a5905169c5485ca8416b015ae/setuptools-75.8.1.tar.gz", hash = "sha256:65fb779a8f28895242923582eadca2337285f0891c2c9e160754df917c3d2530", size = 1343534 }
wheels = [
    { url = "https://files.pythonhosted.org/packages/da/bd/ac215d31c2904e47ec5332897442bdc19fd6b21a82068d057152f4e9c1cf/setuptools-75.8.1-py3-none-any.whl", hash = "sha256:3bc32c0b84c643299ca94e77f834730f126efd621de0cc1de64119e0e17dab1f", size = 1228867 },
]

[[package]]
name = "short-language-detection"
version = "0.1.0"
source = { editable = "." }
dependencies = [
    { name = "emoji" },
    { name = "fasttext-wheel" },
    { name = "lingua-language-detector" },
    { name = "numpy" },
]

[package.metadata]
requires-dist = [
    { name = "emoji", specifier = ">=2.14.1" },
    { name = "fasttext-wheel", specifier = ">=0.9.2" },
    { name = "lingua-language-detector", specifier = ">=2.0.2" },
    { name = "numpy", specifier = "==1.26.4" },
]
