version = 1
requires-python = ">=3.13"

[[package]]
name = "aiooui"
version = "0.1.7"
source = { registry = "https://pypi.org/simple" }
sdist = { url = "https://files.pythonhosted.org/packages/d8/d7/98b7a4ed0766671990aa2bafcc26256013227d45b8fdcfdf0f1a41614233/aiooui-0.1.7.tar.gz", hash = "sha256:b390c9e602de1faecf3c1f0b98270a95e2d00a4da208a62d507a9635ab8a5d05", size = 381996 }
wheels = [
    { url = "https://files.pythonhosted.org/packages/11/6f/7ac2e199d4f2ce675f13e86331bfb95879efbe3634c85856a36460501852/aiooui-0.1.7-py3-none-any.whl", hash = "sha256:fb9ffbf061e84d9bc638f53205a2844d00da6839ad758afa91269b49ee927013", size = 379999 },
]

[[package]]
name = "bleak"
version = "0.22.3"
source = { registry = "https://pypi.org/simple" }
dependencies = [
    { name = "dbus-fast", marker = "sys_platform == 'linux'" },
    { name = "pyobjc-core", marker = "sys_platform == 'darwin'" },
    { name = "pyobjc-framework-corebluetooth", marker = "sys_platform == 'darwin'" },
    { name = "pyobjc-framework-libdispatch", marker = "sys_platform == 'darwin'" },
    { name = "winrt-runtime", marker = "sys_platform == 'win32'" },
    { name = "winrt-windows-devices-bluetooth", marker = "sys_platform == 'win32'" },
    { name = "winrt-windows-devices-bluetooth-advertisement", marker = "sys_platform == 'win32'" },
    { name = "winrt-windows-devices-bluetooth-genericattributeprofile", marker = "sys_platform == 'win32'" },
    { name = "winrt-windows-devices-enumeration", marker = "sys_platform == 'win32'" },
    { name = "winrt-windows-foundation", marker = "sys_platform == 'win32'" },
    { name = "winrt-windows-foundation-collections", marker = "sys_platform == 'win32'" },
    { name = "winrt-windows-storage-streams", marker = "sys_platform == 'win32'" },
]
sdist = { url = "https://files.pythonhosted.org/packages/fb/96/15750b50c0018338e2cce30de939130971ebfdf4f9d6d56c960f5657daad/bleak-0.22.3.tar.gz", hash = "sha256:3149c3c19657e457727aa53d9d6aeb89658495822cd240afd8aeca4dd09c045c", size = 122339 }
wheels = [
    { url = "https://files.pythonhosted.org/packages/0a/ce/3adf9e742bb22e4a4b3435f24111cb46a1d12731ba655ee00bb5ab0308cc/bleak-0.22.3-py3-none-any.whl", hash = "sha256:1e62a9f5e0c184826e6c906e341d8aca53793e4596eeaf4e0b191e7aca5c461c", size = 142719 },
]

[[package]]
name = "bleak-retry-connector"
version = "3.8.1"
source = { registry = "https://pypi.org/simple" }
dependencies = [
    { name = "bleak" },
    { name = "bluetooth-adapters", marker = "sys_platform == 'linux'" },
    { name = "dbus-fast", marker = "sys_platform == 'linux'" },
]
sdist = { url = "https://files.pythonhosted.org/packages/61/d4/ab6370879b3a4c5b76abf9ab792160943f37f20ae3cf12f5f17fb97bd66c/bleak_retry_connector-3.8.1.tar.gz", hash = "sha256:ef514e27799c438731d5c3ee122005530fc39644414f59110138b81c64aae1d7", size = 15787 }
wheels = [
    { url = "https://files.pythonhosted.org/packages/5e/c6/5b308edf29b31bcfaebd1c05a3ab9c4b6bb34f27e864434dc116fffb7022/bleak_retry_connector-3.8.1-py3-none-any.whl", hash = "sha256:b66b610363f715e29bf30d5b1602a382c0da4e8d176237862650ee9226e667a7", size = 16453 },
]

[[package]]
name = "bluetooth-adapters"
version = "0.20.2"
source = { registry = "https://pypi.org/simple" }
dependencies = [
    { name = "aiooui" },
    { name = "bleak" },
    { name = "dbus-fast" },
    { name = "uart-devices" },
    { name = "usb-devices" },
]
sdist = { url = "https://files.pythonhosted.org/packages/bc/d1/5ee17ecdcc9661e7a26b640f53080421e877e648fd5acc361bcb90a2f0d9/bluetooth_adapters-0.20.2.tar.gz", hash = "sha256:88bfba4ab8678c1bb3416851b3e6f497d4b8a368c8de1bc4e517743081ad2f55", size = 17303 }
wheels = [
    { url = "https://files.pythonhosted.org/packages/c8/7e/968b70c5d6d723d1aaa299bcbc8bcc6b354f7e5ae90bd3c1625c1e1b2817/bluetooth_adapters-0.20.2-py3-none-any.whl", hash = "sha256:92e6113b9fc1bfd99fd5ca4aef064b805db75e6293b303cb2432c1c9dcd63d7a", size = 19621 },
]

[[package]]
name = "cffi"
version = "1.17.1"
source = { registry = "https://pypi.org/simple" }
dependencies = [
    { name = "pycparser" },
]
sdist = { url = "https://files.pythonhosted.org/packages/fc/97/c783634659c2920c3fc70419e3af40972dbaf758daa229a7d6ea6135c90d/cffi-1.17.1.tar.gz", hash = "sha256:1c39c6016c32bc48dd54561950ebd6836e1670f2ae46128f67cf49e789c52824", size = 516621 }
wheels = [
    { url = "https://files.pythonhosted.org/packages/8d/f8/dd6c246b148639254dad4d6803eb6a54e8c85c6e11ec9df2cffa87571dbe/cffi-1.17.1-cp313-cp313-macosx_10_13_x86_64.whl", hash = "sha256:f3a2b4222ce6b60e2e8b337bb9596923045681d71e5a082783484d845390938e", size = 182989 },
    { url = "https://files.pythonhosted.org/packages/8b/f1/672d303ddf17c24fc83afd712316fda78dc6fce1cd53011b839483e1ecc8/cffi-1.17.1-cp313-cp313-macosx_11_0_arm64.whl", hash = "sha256:0984a4925a435b1da406122d4d7968dd861c1385afe3b45ba82b750f229811e2", size = 178802 },
    { url = "https://files.pythonhosted.org/packages/0e/2d/eab2e858a91fdff70533cab61dcff4a1f55ec60425832ddfdc9cd36bc8af/cffi-1.17.1-cp313-cp313-manylinux_2_12_i686.manylinux2010_i686.manylinux_2_17_i686.manylinux2014_i686.whl", hash = "sha256:d01b12eeeb4427d3110de311e1774046ad344f5b1a7403101878976ecd7a10f3", size = 454792 },
    { url = "https://files.pythonhosted.org/packages/75/b2/fbaec7c4455c604e29388d55599b99ebcc250a60050610fadde58932b7ee/cffi-1.17.1-cp313-cp313-manylinux_2_17_aarch64.manylinux2014_aarch64.whl", hash = "sha256:706510fe141c86a69c8ddc029c7910003a17353970cff3b904ff0686a5927683", size = 478893 },
    { url = "https://files.pythonhosted.org/packages/4f/b7/6e4a2162178bf1935c336d4da8a9352cccab4d3a5d7914065490f08c0690/cffi-1.17.1-cp313-cp313-manylinux_2_17_ppc64le.manylinux2014_ppc64le.whl", hash = "sha256:de55b766c7aa2e2a3092c51e0483d700341182f08e67c63630d5b6f200bb28e5", size = 485810 },
    { url = "https://files.pythonhosted.org/packages/c7/8a/1d0e4a9c26e54746dc08c2c6c037889124d4f59dffd853a659fa545f1b40/cffi-1.17.1-cp313-cp313-manylinux_2_17_s390x.manylinux2014_s390x.whl", hash = "sha256:c59d6e989d07460165cc5ad3c61f9fd8f1b4796eacbd81cee78957842b834af4", size = 471200 },
    { url = "https://files.pythonhosted.org/packages/26/9f/1aab65a6c0db35f43c4d1b4f580e8df53914310afc10ae0397d29d697af4/cffi-1.17.1-cp313-cp313-manylinux_2_17_x86_64.manylinux2014_x86_64.whl", hash = "sha256:dd398dbc6773384a17fe0d3e7eeb8d1a21c2200473ee6806bb5e6a8e62bb73dd", size = 479447 },
    { url = "https://files.pythonhosted.org/packages/5f/e4/fb8b3dd8dc0e98edf1135ff067ae070bb32ef9d509d6cb0f538cd6f7483f/cffi-1.17.1-cp313-cp313-musllinux_1_1_aarch64.whl", hash = "sha256:3edc8d958eb099c634dace3c7e16560ae474aa3803a5df240542b305d14e14ed", size = 484358 },
    { url = "https://files.pythonhosted.org/packages/f1/47/d7145bf2dc04684935d57d67dff9d6d795b2ba2796806bb109864be3a151/cffi-1.17.1-cp313-cp313-musllinux_1_1_x86_64.whl", hash = "sha256:72e72408cad3d5419375fc87d289076ee319835bdfa2caad331e377589aebba9", size = 488469 },
    { url = "https://files.pythonhosted.org/packages/bf/ee/f94057fa6426481d663b88637a9a10e859e492c73d0384514a17d78ee205/cffi-1.17.1-cp313-cp313-win32.whl", hash = "sha256:e03eab0a8677fa80d646b5ddece1cbeaf556c313dcfac435ba11f107ba117b5d", size = 172475 },
    { url = "https://files.pythonhosted.org/packages/7c/fc/6a8cb64e5f0324877d503c854da15d76c1e50eb722e320b15345c4d0c6de/cffi-1.17.1-cp313-cp313-win_amd64.whl", hash = "sha256:f6a16c31041f09ead72d69f583767292f750d24913dadacf5756b966aacb3f1a", size = 182009 },
]

[[package]]
name = "cryptography"
version = "44.0.1"
source = { registry = "https://pypi.org/simple" }
dependencies = [
    { name = "cffi", marker = "platform_python_implementation != 'PyPy'" },
]
sdist = { url = "https://files.pythonhosted.org/packages/c7/67/545c79fe50f7af51dbad56d16b23fe33f63ee6a5d956b3cb68ea110cbe64/cryptography-44.0.1.tar.gz", hash = "sha256:f51f5705ab27898afda1aaa430f34ad90dc117421057782022edf0600bec5f14", size = 710819 }
wheels = [
    { url = "https://files.pythonhosted.org/packages/72/27/5e3524053b4c8889da65cf7814a9d0d8514a05194a25e1e34f46852ee6eb/cryptography-44.0.1-cp37-abi3-macosx_10_9_universal2.whl", hash = "sha256:bf688f615c29bfe9dfc44312ca470989279f0e94bb9f631f85e3459af8efc009", size = 6642022 },
    { url = "https://files.pythonhosted.org/packages/34/b9/4d1fa8d73ae6ec350012f89c3abfbff19fc95fe5420cf972e12a8d182986/cryptography-44.0.1-cp37-abi3-manylinux_2_17_aarch64.manylinux2014_aarch64.whl", hash = "sha256:dd7c7e2d71d908dc0f8d2027e1604102140d84b155e658c20e8ad1304317691f", size = 3943865 },
    { url = "https://files.pythonhosted.org/packages/6e/57/371a9f3f3a4500807b5fcd29fec77f418ba27ffc629d88597d0d1049696e/cryptography-44.0.1-cp37-abi3-manylinux_2_17_x86_64.manylinux2014_x86_64.whl", hash = "sha256:887143b9ff6bad2b7570da75a7fe8bbf5f65276365ac259a5d2d5147a73775f2", size = 4162562 },
    { url = "https://files.pythonhosted.org/packages/c5/1d/5b77815e7d9cf1e3166988647f336f87d5634a5ccecec2ffbe08ef8dd481/cryptography-44.0.1-cp37-abi3-manylinux_2_28_aarch64.whl", hash = "sha256:322eb03ecc62784536bc173f1483e76747aafeb69c8728df48537eb431cd1911", size = 3951923 },
    { url = "https://files.pythonhosted.org/packages/28/01/604508cd34a4024467cd4105887cf27da128cba3edd435b54e2395064bfb/cryptography-44.0.1-cp37-abi3-manylinux_2_28_armv7l.manylinux_2_31_armv7l.whl", hash = "sha256:21377472ca4ada2906bc313168c9dc7b1d7ca417b63c1c3011d0c74b7de9ae69", size = 3685194 },
    { url = "https://files.pythonhosted.org/packages/c6/3d/d3c55d4f1d24580a236a6753902ef6d8aafd04da942a1ee9efb9dc8fd0cb/cryptography-44.0.1-cp37-abi3-manylinux_2_28_x86_64.whl", hash = "sha256:df978682c1504fc93b3209de21aeabf2375cb1571d4e61907b3e7a2540e83026", size = 4187790 },
    { url = "https://files.pythonhosted.org/packages/ea/a6/44d63950c8588bfa8594fd234d3d46e93c3841b8e84a066649c566afb972/cryptography-44.0.1-cp37-abi3-manylinux_2_34_aarch64.whl", hash = "sha256:eb3889330f2a4a148abead555399ec9a32b13b7c8ba969b72d8e500eb7ef84cd", size = 3951343 },
    { url = "https://files.pythonhosted.org/packages/c1/17/f5282661b57301204cbf188254c1a0267dbd8b18f76337f0a7ce1038888c/cryptography-44.0.1-cp37-abi3-manylinux_2_34_x86_64.whl", hash = "sha256:8e6a85a93d0642bd774460a86513c5d9d80b5c002ca9693e63f6e540f1815ed0", size = 4187127 },
    { url = "https://files.pythonhosted.org/packages/f3/68/abbae29ed4f9d96596687f3ceea8e233f65c9645fbbec68adb7c756bb85a/cryptography-44.0.1-cp37-abi3-musllinux_1_2_aarch64.whl", hash = "sha256:6f76fdd6fd048576a04c5210d53aa04ca34d2ed63336d4abd306d0cbe298fddf", size = 4070666 },
    { url = "https://files.pythonhosted.org/packages/0f/10/cf91691064a9e0a88ae27e31779200b1505d3aee877dbe1e4e0d73b4f155/cryptography-44.0.1-cp37-abi3-musllinux_1_2_x86_64.whl", hash = "sha256:6c8acf6f3d1f47acb2248ec3ea261171a671f3d9428e34ad0357148d492c7864", size = 4288811 },
    { url = "https://files.pythonhosted.org/packages/38/78/74ea9eb547d13c34e984e07ec8a473eb55b19c1451fe7fc8077c6a4b0548/cryptography-44.0.1-cp37-abi3-win32.whl", hash = "sha256:24979e9f2040c953a94bf3c6782e67795a4c260734e5264dceea65c8f4bae64a", size = 2771882 },
    { url = "https://files.pythonhosted.org/packages/cf/6c/3907271ee485679e15c9f5e93eac6aa318f859b0aed8d369afd636fafa87/cryptography-44.0.1-cp37-abi3-win_amd64.whl", hash = "sha256:fd0ee90072861e276b0ff08bd627abec29e32a53b2be44e41dbcdf87cbee2b00", size = 3206989 },
    { url = "https://files.pythonhosted.org/packages/9f/f1/676e69c56a9be9fd1bffa9bc3492366901f6e1f8f4079428b05f1414e65c/cryptography-44.0.1-cp39-abi3-macosx_10_9_universal2.whl", hash = "sha256:a2d8a7045e1ab9b9f803f0d9531ead85f90c5f2859e653b61497228b18452008", size = 6643714 },
    { url = "https://files.pythonhosted.org/packages/ba/9f/1775600eb69e72d8f9931a104120f2667107a0ee478f6ad4fe4001559345/cryptography-44.0.1-cp39-abi3-manylinux_2_17_aarch64.manylinux2014_aarch64.whl", hash = "sha256:b8272f257cf1cbd3f2e120f14c68bff2b6bdfcc157fafdee84a1b795efd72862", size = 3943269 },
    { url = "https://files.pythonhosted.org/packages/25/ba/e00d5ad6b58183829615be7f11f55a7b6baa5a06910faabdc9961527ba44/cryptography-44.0.1-cp39-abi3-manylinux_2_17_x86_64.manylinux2014_x86_64.whl", hash = "sha256:1e8d181e90a777b63f3f0caa836844a1182f1f265687fac2115fcf245f5fbec3", size = 4166461 },
    { url = "https://files.pythonhosted.org/packages/b3/45/690a02c748d719a95ab08b6e4decb9d81e0ec1bac510358f61624c86e8a3/cryptography-44.0.1-cp39-abi3-manylinux_2_28_aarch64.whl", hash = "sha256:436df4f203482f41aad60ed1813811ac4ab102765ecae7a2bbb1dbb66dcff5a7", size = 3950314 },
    { url = "https://files.pythonhosted.org/packages/e6/50/bf8d090911347f9b75adc20f6f6569ed6ca9b9bff552e6e390f53c2a1233/cryptography-44.0.1-cp39-abi3-manylinux_2_28_armv7l.manylinux_2_31_armv7l.whl", hash = "sha256:4f422e8c6a28cf8b7f883eb790695d6d45b0c385a2583073f3cec434cc705e1a", size = 3686675 },
    { url = "https://files.pythonhosted.org/packages/e1/e7/cfb18011821cc5f9b21efb3f94f3241e3a658d267a3bf3a0f45543858ed8/cryptography-44.0.1-cp39-abi3-manylinux_2_28_x86_64.whl", hash = "sha256:72198e2b5925155497a5a3e8c216c7fb3e64c16ccee11f0e7da272fa93b35c4c", size = 4190429 },
    { url = "https://files.pythonhosted.org/packages/07/ef/77c74d94a8bfc1a8a47b3cafe54af3db537f081742ee7a8a9bd982b62774/cryptography-44.0.1-cp39-abi3-manylinux_2_34_aarch64.whl", hash = "sha256:2a46a89ad3e6176223b632056f321bc7de36b9f9b93b2cc1cccf935a3849dc62", size = 3950039 },
    { url = "https://files.pythonhosted.org/packages/6d/b9/8be0ff57c4592382b77406269b1e15650c9f1a167f9e34941b8515b97159/cryptography-44.0.1-cp39-abi3-manylinux_2_34_x86_64.whl", hash = "sha256:53f23339864b617a3dfc2b0ac8d5c432625c80014c25caac9082314e9de56f41", size = 4189713 },
    { url = "https://files.pythonhosted.org/packages/78/e1/4b6ac5f4100545513b0847a4d276fe3c7ce0eacfa73e3b5ebd31776816ee/cryptography-44.0.1-cp39-abi3-musllinux_1_2_aarch64.whl", hash = "sha256:888fcc3fce0c888785a4876ca55f9f43787f4c5c1cc1e2e0da71ad481ff82c5b", size = 4071193 },
    { url = "https://files.pythonhosted.org/packages/3d/cb/afff48ceaed15531eab70445abe500f07f8f96af2bb35d98af6bfa89ebd4/cryptography-44.0.1-cp39-abi3-musllinux_1_2_x86_64.whl", hash = "sha256:00918d859aa4e57db8299607086f793fa7813ae2ff5a4637e318a25ef82730f7", size = 4289566 },
    { url = "https://files.pythonhosted.org/packages/30/6f/4eca9e2e0f13ae459acd1ca7d9f0257ab86e68f44304847610afcb813dc9/cryptography-44.0.1-cp39-abi3-win32.whl", hash = "sha256:9b336599e2cb77b1008cb2ac264b290803ec5e8e89d618a5e978ff5eb6f715d9", size = 2772371 },
    { url = "https://files.pythonhosted.org/packages/d2/05/5533d30f53f10239616a357f080892026db2d550a40c393d0a8a7af834a9/cryptography-44.0.1-cp39-abi3-win_amd64.whl", hash = "sha256:e403f7f766ded778ecdb790da786b418a9f2394f36e8cc8b796cc056ab05f44f", size = 3207303 },
]

[[package]]
name = "dbus-fast"
version = "2.28.0"
source = { registry = "https://pypi.org/simple" }
sdist = { url = "https://files.pythonhosted.org/packages/fb/a1/b7bd68329a6f3afc833d5a3d8eeed5f0557cd80e065f3cfbfd5df7193da2/dbus_fast-2.28.0.tar.gz", hash = "sha256:ed2612392a7df775256c67bfad8727607e8862541b3984585b016e464b020b23", size = 69173 }
wheels = [
    { url = "https://files.pythonhosted.org/packages/98/1c/985e5d8f9c28cac44dbbd4606f2c7138f53072470f66315282c3706014e2/dbus_fast-2.28.0-cp313-cp313-manylinux_2_17_aarch64.manylinux2014_aarch64.whl", hash = "sha256:633f1220fca13b357c08d539b038ec07ec4fffc16f8637fba14525ac4f3666d8", size = 4311847 },
    { url = "https://files.pythonhosted.org/packages/f6/94/b0ae89e20197eec0f4e6cdad829f15bf102465acc6b7e73157c15d88ee92/dbus_fast-2.28.0-cp313-cp313-manylinux_2_17_x86_64.manylinux2014_x86_64.whl", hash = "sha256:4f69fc54244a0850e1f8a92410b5f1e079c53eb8fcb604d289a12fd50e5c8396", size = 4418481 },
    { url = "https://files.pythonhosted.org/packages/ac/d3/a7d0f96930995e044bd090194992dacfbc291d2107758643d8d7cfb7929a/dbus_fast-2.28.0-cp313-cp313-musllinux_1_2_aarch64.whl", hash = "sha256:0a8907b5cf1c12cd6db6e4b2a470529660fa2a3bc20d89d6c86d3884664801ce", size = 4263103 },
    { url = "https://files.pythonhosted.org/packages/3a/cc/6260d7c8055a64676bf859e085e7e5a1066058fe78f8308d3bfee29a709f/dbus_fast-2.28.0-cp313-cp313-musllinux_1_2_x86_64.whl", hash = "sha256:74b7541b0a79fc06d39c5023bd1dab3b12840edee675c35cef36587603a048f5", size = 4541620 },
]

[[package]]
name = "pyboneco"
version = "0.3.5"
source = { editable = "." }
dependencies = [
    { name = "bleak" },
    { name = "bleak-retry-connector" },
    { name = "cryptography" },
]

[package.metadata]
requires-dist = [
    { name = "bleak", specifier = "==0.22.3" },
    { name = "bleak-retry-connector", specifier = "==3.8.1" },
    { name = "cryptography", specifier = "==44.0.1" },
]

[[package]]
name = "pycparser"
version = "2.22"
source = { registry = "https://pypi.org/simple" }
sdist = { url = "https://files.pythonhosted.org/packages/1d/b2/31537cf4b1ca988837256c910a668b553fceb8f069bedc4b1c826024b52c/pycparser-2.22.tar.gz", hash = "sha256:491c8be9c040f5390f5bf44a5b07752bd07f56edf992381b05c701439eec10f6", size = 172736 }
wheels = [
    { url = "https://files.pythonhosted.org/packages/13/a3/a812df4e2dd5696d1f351d58b8fe16a405b234ad2886a0dab9183fb78109/pycparser-2.22-py3-none-any.whl", hash = "sha256:c3702b6d3dd8c7abc1afa565d7e63d53a1d0bd86cdc24edd75470f4de499cfcc", size = 117552 },
]

[[package]]
name = "pyobjc-core"
version = "10.3.2"
source = { registry = "https://pypi.org/simple" }
sdist = { url = "https://files.pythonhosted.org/packages/5d/07/2b3d63c0349fe4cf34d787a52a22faa156225808db2d1531fe58fabd779d/pyobjc_core-10.3.2.tar.gz", hash = "sha256:dbf1475d864ce594288ce03e94e3a98dc7f0e4639971eb1e312bdf6661c21e0e", size = 935182 }
wheels = [
    { url = "https://files.pythonhosted.org/packages/08/27/e7b8240c116cd8231ac33daaf982e36f77be33cf5448bbc568ce17371a79/pyobjc_core-10.3.2-cp313-cp313-macosx_10_13_universal2.whl", hash = "sha256:76b8b911d94501dac89821df349b1860bb770dce102a1a293f524b5b09dd9462", size = 827885 },
    { url = "https://files.pythonhosted.org/packages/de/a3/897cc31fca822a4df4ece31e4369dd9eae35bcb0b535fc9c7c21924268ba/pyobjc_core-10.3.2-cp313-cp313t-macosx_10_13_universal2.whl", hash = "sha256:8c6288fdb210b64115760a4504efbc4daffdc390d309e9318eb0e3e3b78d2828", size = 837794 },
]

[[package]]
name = "pyobjc-framework-cocoa"
version = "10.3.2"
source = { registry = "https://pypi.org/simple" }
dependencies = [
    { name = "pyobjc-core" },
]
sdist = { url = "https://files.pythonhosted.org/packages/39/41/4f09a5e9a6769b4dafb293ea597ed693cc0def0e07867ad0a42664f530b6/pyobjc_framework_cocoa-10.3.2.tar.gz", hash = "sha256:673968e5435845bef969bfe374f31a1a6dc660c98608d2b84d5cae6eafa5c39d", size = 4942530 }
wheels = [
    { url = "https://files.pythonhosted.org/packages/4e/c4/bccb4c05422170c0afccf6ebbdcc7551f7ddd03d2f7a65498d02cb179993/pyobjc_framework_Cocoa-10.3.2-cp313-cp313-macosx_10_13_universal2.whl", hash = "sha256:f1161b5713f9b9934c12649d73a6749617172e240f9431eff9e22175262fdfda", size = 381878 },
    { url = "https://files.pythonhosted.org/packages/25/ec/68657a633512edb84ecb1ff47a067a81028d6f027aa923e806400d2f8a26/pyobjc_framework_Cocoa-10.3.2-cp313-cp313t-macosx_10_13_universal2.whl", hash = "sha256:08e48b9ee4eb393447b2b781d16663b954bd10a26927df74f92e924c05568d89", size = 384925 },
]

[[package]]
name = "pyobjc-framework-corebluetooth"
version = "10.3.2"
source = { registry = "https://pypi.org/simple" }
dependencies = [
    { name = "pyobjc-core" },
    { name = "pyobjc-framework-cocoa" },
]
sdist = { url = "https://files.pythonhosted.org/packages/13/ca/35d205c3e153e7bc59a417560a45e27a2410439e6f78390f97c1a996c922/pyobjc_framework_corebluetooth-10.3.2.tar.gz", hash = "sha256:c0a077bc3a2466271efa382c1e024630bc43cc6f9ab8f3f97431ad08b1ad52bb", size = 50622 }
wheels = [
    { url = "https://files.pythonhosted.org/packages/b8/74/9bfaa9af79d9ff51489c796775fe5715d67adae06b612f3ee776017bb24b/pyobjc_framework_CoreBluetooth-10.3.2-cp313-cp313t-macosx_10_13_universal2.whl", hash = "sha256:af3e2f935a6a7e5b009b4cf63c64899592a7b46c3ddcbc8f2e28848842ef65f4", size = 14095 },
    { url = "https://files.pythonhosted.org/packages/f7/b0/9006d9d6cc5780fc190629ff42d8825fe7737dbe2077fbaae38813f0242e/pyobjc_framework_CoreBluetooth-10.3.2-cp36-abi3-macosx_10_13_universal2.whl", hash = "sha256:973b78f47c7e2209a475e60bcc7d1b4a87be6645d39b4e8290ee82640e1cc364", size = 13891 },
    { url = "https://files.pythonhosted.org/packages/02/dd/b415258a86495c23962005bab11604562828dd183a009d04a82bc1f3a816/pyobjc_framework_CoreBluetooth-10.3.2-cp36-abi3-macosx_10_9_universal2.whl", hash = "sha256:4bafdf1be15eae48a4878dbbf1bf19877ce28cbbba5baa0267a9564719ee736e", size = 13843 },
    { url = "https://files.pythonhosted.org/packages/c4/7d/d8a340f3ca0862969a02c6fe053902388e45966040b41d7e023b9dcf97c8/pyobjc_framework_CoreBluetooth-10.3.2-cp36-abi3-macosx_10_9_x86_64.whl", hash = "sha256:4d7dc7494de66c850bda7b173579df7481dc97046fa229d480fe9bf90b2b9651", size = 10082 },
    { url = "https://files.pythonhosted.org/packages/e9/10/d9554ce442269a3c25d9bed9d8a5ffdc1fb5ab71b74bc52749a5f26a96c7/pyobjc_framework_CoreBluetooth-10.3.2-cp36-abi3-macosx_11_0_universal2.whl", hash = "sha256:62e09e730f4d98384f1b6d44718812195602b3c82d5c78e09f60e8a934e7b266", size = 13815 },
]

[[package]]
name = "pyobjc-framework-libdispatch"
version = "10.3.2"
source = { registry = "https://pypi.org/simple" }
dependencies = [
    { name = "pyobjc-core" },
    { name = "pyobjc-framework-cocoa" },
]
sdist = { url = "https://files.pythonhosted.org/packages/4d/12/a908f3f94952c8c9e3d6e6bd425613a79692e7d400557ede047992439edc/pyobjc_framework_libdispatch-10.3.2.tar.gz", hash = "sha256:e9f4311fbf8df602852557a98d2a64f37a9d363acf4d75634120251bbc7b7304", size = 45132 }
wheels = [
    { url = "https://files.pythonhosted.org/packages/86/cc/ff00f7d2e1774e8bbab4da59793f094bdf97c9f0d178f6ace29a89413082/pyobjc_framework_libdispatch-10.3.2-cp313-cp313-macosx_10_13_universal2.whl", hash = "sha256:1357729d5fded08fbf746834ebeef27bee07d6acb991f3b8366e8f4319d882c4", size = 15576 },
    { url = "https://files.pythonhosted.org/packages/6b/27/530cd12bdc16938a85436ac5a81dccd85b35bac5e42144e623b69b052b76/pyobjc_framework_libdispatch-10.3.2-cp313-cp313t-macosx_10_13_universal2.whl", hash = "sha256:210398f9e1815ceeff49b578bf51c2d6a4a30d4c33f573da322f3d7da1add121", size = 15854 },
]

[[package]]
name = "uart-devices"
version = "0.1.0"
source = { registry = "https://pypi.org/simple" }
sdist = { url = "https://files.pythonhosted.org/packages/7f/52/46b9f7d6702a46467a3e9cd99b7b1fb4934bc6c177d9fd88c2301ee7ce3a/uart_devices-0.1.0.tar.gz", hash = "sha256:7f0342c0ba0bc2a4c13c9ead5462dc9feeaca507e5c7017ebd074a69567ad9b1", size = 5307 }
wheels = [
    { url = "https://files.pythonhosted.org/packages/9d/76/e79bbdfb5ab27d1f2349f977bcdc53cec70d4187c634594178f0f759161a/uart_devices-0.1.0-py3-none-any.whl", hash = "sha256:f019357945a4f2d619e43a7cef7cee4f52aeff06aa5c674f9da448dce3c9cd64", size = 4829 },
]

[[package]]
name = "usb-devices"
version = "0.4.5"
source = { registry = "https://pypi.org/simple" }
sdist = { url = "https://files.pythonhosted.org/packages/25/48/dbe6c4c559950ebebd413e8c40a8a60bfd47ddd79cb61b598a5987e03aad/usb_devices-0.4.5.tar.gz", hash = "sha256:9b5c7606df2bc791c6c45b7f76244a0cbed83cb6fa4c68791a143c03345e195d", size = 5421 }
wheels = [
    { url = "https://files.pythonhosted.org/packages/e1/c9/26171ae5b78d72dd006bbc51ca9baa2cbb889ae8e91608910207482108fd/usb_devices-0.4.5-py3-none-any.whl", hash = "sha256:8a415219ef1395e25aa0bddcad484c88edf9673acdeae8a07223ca7222a01dcf", size = 5349 },
]

[[package]]
name = "winrt-runtime"
version = "2.3.0"
source = { registry = "https://pypi.org/simple" }
sdist = { url = "https://files.pythonhosted.org/packages/ea/1e/20fd4bc1b42dca97ebde8bd5746084e538e2911feaad923370893091ac0f/winrt_runtime-2.3.0.tar.gz", hash = "sha256:bb895a2b8c74b375781302215e2661914369c625aa1f8df84f8d37691b22db77", size = 15503 }
wheels = [
    { url = "https://files.pythonhosted.org/packages/08/c2/87551e0ec1796812396e1065e04cbf303557d8e4820c5eb53d707fa1ca62/winrt_runtime-2.3.0-cp313-cp313-win32.whl", hash = "sha256:77f06df6b7a6cb536913ae455e30c1733d31d88dafe2c3cd8c3d0e2bcf7e2a20", size = 183255 },
    { url = "https://files.pythonhosted.org/packages/d5/12/cd01c5825affcace2590ab6b771baf17a5f1289939fd5cabd317be501eb2/winrt_runtime-2.3.0-cp313-cp313-win_amd64.whl", hash = "sha256:7388774b74ea2f4510ab3a98c95af296665ebe69d9d7e2fd7ee2c3fc5856099e", size = 213404 },
    { url = "https://files.pythonhosted.org/packages/c2/52/4b5bb8f46703efe650a021240d94d80d75eea98b3a4f817640f73b93b1c8/winrt_runtime-2.3.0-cp313-cp313-win_arm64.whl", hash = "sha256:0d3a4ac7661cad492d51653054e63328b940a6083c1ee1dd977f90069cb8afaa", size = 390639 },
]

[[package]]
name = "winrt-windows-devices-bluetooth"
version = "2.3.0"
source = { registry = "https://pypi.org/simple" }
dependencies = [
    { name = "winrt-runtime" },
]
sdist = { url = "https://files.pythonhosted.org/packages/c7/3a/64b2b8efe27fe4acb3a2da03a6687a2414d1c97465f212a3337415ca42ad/winrt_windows_devices_bluetooth-2.3.0.tar.gz", hash = "sha256:a1204b71c369a0399ec15d9a7b7c67990dd74504e486b839bf81825bd381a837", size = 21092 }
wheels = [
    { url = "https://files.pythonhosted.org/packages/c6/dd/367a516ae820dcf398d7856dcde845ad604a689d4a67c0e97709e68f3757/winrt_Windows.Devices.Bluetooth-2.3.0-cp313-cp313-win32.whl", hash = "sha256:82f443be43379d4762e72633047c82843c873b6f26428a18855ca7b53e1958d7", size = 92448 },
    { url = "https://files.pythonhosted.org/packages/08/43/03356e20aa78aabc3581f979c36c3fa513f706a28896e51f6508fa6ce08d/winrt_Windows.Devices.Bluetooth-2.3.0-cp313-cp313-win_amd64.whl", hash = "sha256:8b407da87ab52315c2d562a75d824dcafcae6e1628031cdb971072a47eb78ff0", size = 104502 },
    { url = "https://files.pythonhosted.org/packages/31/f0/7eb956b2f3e7a8886d3f94a2d430e96091f4897bd38ba449c2c11fa84b06/winrt_Windows.Devices.Bluetooth-2.3.0-cp313-cp313-win_arm64.whl", hash = "sha256:e36d0b487bc5b64662b8470085edf8bfa5a220d7afc4f2e8d7faa3e3ac2bae80", size = 95208 },
]

[[package]]
name = "winrt-windows-devices-bluetooth-advertisement"
version = "2.3.0"
source = { registry = "https://pypi.org/simple" }
dependencies = [
    { name = "winrt-runtime" },
]
sdist = { url = "https://files.pythonhosted.org/packages/b4/9f/0f7393800a7d5907f0935a8c088937ca0d3eb3f131d8173e81a94f6a76ed/winrt_windows_devices_bluetooth_advertisement-2.3.0.tar.gz", hash = "sha256:c8adbec690b765ca70337c35efec9910b0937a40a0a242184ea295367137f81c", size = 13686 }
wheels = [
    { url = "https://files.pythonhosted.org/packages/68/84/3e596881e9cf42dc43d45d52e4ee90163b671030b89bee11485cfc3cf311/winrt_Windows.Devices.Bluetooth.Advertisement-2.3.0-cp313-cp313-win32.whl", hash = "sha256:ac1e55a350881f82cb51e162cb7a4b5d9359e9e5fbde922de802404a951d64ec", size = 76808 },
    { url = "https://files.pythonhosted.org/packages/6f/07/2a9408efdc48e27bfae721d9413477fa893c73a6ddea9ee9a944150012f2/winrt_Windows.Devices.Bluetooth.Advertisement-2.3.0-cp313-cp313-win_amd64.whl", hash = "sha256:0fc339340fb8be21c1c829816a49dc31b986c6d602d113d4a49ee8ffaf0e2396", size = 83798 },
    { url = "https://files.pythonhosted.org/packages/e5/01/aa3f75a1b18465522c7d679f840cefe487ed5e1064f8478f20451d2621f4/winrt_Windows.Devices.Bluetooth.Advertisement-2.3.0-cp313-cp313-win_arm64.whl", hash = "sha256:da63d9c56edcb3b2d5135e65cc8c9c4658344dd480a8a2daf45beb2106f17874", size = 78911 },
]

[[package]]
name = "winrt-windows-devices-bluetooth-genericattributeprofile"
version = "2.3.0"
source = { registry = "https://pypi.org/simple" }
dependencies = [
    { name = "winrt-runtime" },
]
sdist = { url = "https://files.pythonhosted.org/packages/56/99/f1b517fc04244728eebf5f16c70d181ccc32e70e9a1655c7460ccd18755e/winrt_windows_devices_bluetooth_genericattributeprofile-2.3.0.tar.gz", hash = "sha256:f40f94bf2f7243848dc10e39cfde76c9044727a05e7e5dfb8cb7f062f3fd3dda", size = 33686 }
wheels = [
    { url = "https://files.pythonhosted.org/packages/ff/84/5dcec574261d1594b821ed14f161788e87e8268ca9e974959a89726846c3/winrt_Windows.Devices.Bluetooth.GenericAttributeProfile-2.3.0-cp313-cp313-win32.whl", hash = "sha256:f414f793767ccc56d055b1c74830efb51fa4cbdc9163847b1a38b1ee35778f49", size = 160415 },
    { url = "https://files.pythonhosted.org/packages/3c/0f/94019f58b293dcd2f5ea27cce710c55909b9c7b9f13664a6248b7369f201/winrt_Windows.Devices.Bluetooth.GenericAttributeProfile-2.3.0-cp313-cp313-win_amd64.whl", hash = "sha256:8ef35d9cda5bbdcc55aa7eaf143ab873227d6ee467aaf28edbd2428f229e7c94", size = 179634 },
    { url = "https://files.pythonhosted.org/packages/c9/b1/d124bb30ff50de76e453beefabb75a7509c86054e00024e4163c3e1555db/winrt_Windows.Devices.Bluetooth.GenericAttributeProfile-2.3.0-cp313-cp313-win_arm64.whl", hash = "sha256:6a9e7308ba264175c2a9ee31f6cf1d647cb35ee9a1da7350793d8fe033a6b9b8", size = 166849 },
]

[[package]]
name = "winrt-windows-devices-enumeration"
version = "2.3.0"
source = { registry = "https://pypi.org/simple" }
dependencies = [
    { name = "winrt-runtime" },
]
sdist = { url = "https://files.pythonhosted.org/packages/5f/74/aed7249ee138db3bc425913d3c0a0c7db42bdc97b0d2bf5da134cfc919cf/winrt_windows_devices_enumeration-2.3.0.tar.gz", hash = "sha256:a14078aac41432781acb0c950fcdcdeb096e2f80f7591a3d46435f30221fc3eb", size = 19943 }
wheels = [
    { url = "https://files.pythonhosted.org/packages/ae/fa/3e654fba4c48fed2776ee023b690fe9eebf4e345a52f21a2358f30397deb/winrt_Windows.Devices.Enumeration-2.3.0-cp313-cp313-win32.whl", hash = "sha256:a5f2cff6ee584e5627a2246bdbcd1b3a3fd1e7ae0741f62c59f7d5a5650d5791", size = 114111 },
    { url = "https://files.pythonhosted.org/packages/98/0e/b946508e7a0dfc5c07bbab0860b2f30711a6f1c1d9999e3ab889b8024c5d/winrt_Windows.Devices.Enumeration-2.3.0-cp313-cp313-win_amd64.whl", hash = "sha256:7516171521aa383ccdc8f422cc202979a2359d0d1256f22852bfb0b55d9154f0", size = 132059 },
    { url = "https://files.pythonhosted.org/packages/1e/d1/564b0c7ea461351f0101c50880d959cdbdfc443cb89559d819cb3d854f7a/winrt_Windows.Devices.Enumeration-2.3.0-cp313-cp313-win_arm64.whl", hash = "sha256:80d01dfffe4b548439242f3f7a737189354768b203cca023dc29b267dfe5595a", size = 121739 },
]

[[package]]
name = "winrt-windows-foundation"
version = "2.3.0"
source = { registry = "https://pypi.org/simple" }
dependencies = [
    { name = "winrt-runtime" },
]
sdist = { url = "https://files.pythonhosted.org/packages/55/7f/93fd748713622d999c5ae71fe66441c6d63b7b826285555e68807481222c/winrt_windows_foundation-2.3.0.tar.gz", hash = "sha256:c5766f011c8debbe89b460af4a97d026ca252144e62d7278c9c79c5581ea0c02", size = 22594 }
wheels = [
    { url = "https://files.pythonhosted.org/packages/d7/a0/a7d21584cac23961acaa359398ae3f5ad5d1a35b98e3be9c130634c226f8/winrt_Windows.Foundation-2.3.0-cp313-cp313-win32.whl", hash = "sha256:2b00fad3f2a3859ccae41eee12ab44434813a371c2f3003b4f2419e5eecb4832", size = 85760 },
    { url = "https://files.pythonhosted.org/packages/07/fe/2553025e5d1cf880b272d15ae43c5014c74687bfc041d4260d069f5357f3/winrt_Windows.Foundation-2.3.0-cp313-cp313-win_amd64.whl", hash = "sha256:686619932b2a2c689cbebc7f5196437a45fd2056656ef130bb10240bb111086a", size = 100140 },
    { url = "https://files.pythonhosted.org/packages/ab/b7/94ed1b3d5341115a7f5dab8fff7b22695ae8779ece94ce9b2d9608d47478/winrt_Windows.Foundation-2.3.0-cp313-cp313-win_arm64.whl", hash = "sha256:b38dcb83fe82a7da9a57d7d5ad5deb09503b5be6d9357a9fd3016ca31673805d", size = 86641 },
]

[[package]]
name = "winrt-windows-foundation-collections"
version = "2.3.0"
source = { registry = "https://pypi.org/simple" }
dependencies = [
    { name = "winrt-runtime" },
]
sdist = { url = "https://files.pythonhosted.org/packages/59/fc/a8687fb0095471b0db29f6c921a8eb971f55ab79e1ccb5bcd01bf1b4baba/winrt_windows_foundation_collections-2.3.0.tar.gz", hash = "sha256:15c997fd6b64ef0400a619319ea3c6851c9c24e31d51b6448ba9bac3616d25a0", size = 12932 }
wheels = [
    { url = "https://files.pythonhosted.org/packages/ea/00/aef792aa5434c7bd69161606c7c001bba6d38a2759dc2112c19f548ea187/winrt_Windows.Foundation.Collections-2.3.0-cp313-cp313-win32.whl", hash = "sha256:1e5f1637e0919c7bb5b11ba1eebbd43bc0ad9600cf887b59fcece0f8a6c0eac3", size = 51201 },
    { url = "https://files.pythonhosted.org/packages/e6/cf/dbca5e255ad05a162f82ad0f8dba7cdf91ebaf78b955f056b8fc98ead448/winrt_Windows.Foundation.Collections-2.3.0-cp313-cp313-win_amd64.whl", hash = "sha256:c809a70bc0f93d53c7289a0a86d8869740e09fff0c57318a14401f5c17e0b912", size = 60736 },
    { url = "https://files.pythonhosted.org/packages/55/84/6e3a75da245964461b3e6ac5a9db7d596fbbe8cf13bf771b4264c2c93ba6/winrt_Windows.Foundation.Collections-2.3.0-cp313-cp313-win_arm64.whl", hash = "sha256:269942fe86af06293a2676c8b2dcd5cb1d8ddfe1b5244f11c16e48ae0a5d100f", size = 52492 },
]

[[package]]
name = "winrt-windows-storage-streams"
version = "2.3.0"
source = { registry = "https://pypi.org/simple" }
dependencies = [
    { name = "winrt-runtime" },
]
sdist = { url = "https://files.pythonhosted.org/packages/0c/07/5872ee6f9615a58820379ade122b28ff46b4227eee2232a22083a0ce7516/winrt_windows_storage_streams-2.3.0.tar.gz", hash = "sha256:d2c010beeb1dd7c135ed67ecfaea13440474a7c469e2e9aa2852db27d2063d44", size = 23581 }
wheels = [
    { url = "https://files.pythonhosted.org/packages/a5/6f/1427f0240997dd2bd5c70ee2a129b6ee497deb6db1c519f2d4fe6af34b9f/winrt_Windows.Storage.Streams-2.3.0-cp313-cp313-win32.whl", hash = "sha256:7ac4e46fc5e21d8badc5d41779273c3f5e7196f1cf2df1959b6b70eca1d5d85f", size = 96000 },
    { url = "https://files.pythonhosted.org/packages/13/c1/8a673a0f7232caac6410373f492f0ebac73760f5e66996e75a2679923c40/winrt_Windows.Storage.Streams-2.3.0-cp313-cp313-win_amd64.whl", hash = "sha256:1460027c94c107fcee484997494f3a400f08ee40396f010facb0e72b3b74c457", size = 108588 },
    { url = "https://files.pythonhosted.org/packages/24/72/2c0d42508109b563826d77e45ec5418b30140a33ffd9a5a420d5685c1b94/winrt_Windows.Storage.Streams-2.3.0-cp313-cp313-win_arm64.whl", hash = "sha256:e4553a70f5264a7733596802a2991e2414cdcd5e396b9d11ee87be9abae9329e", size = 103050 },
]
