version = 1
requires-python = ">=3.10.4"

[[package]]
name = "cfgv"
version = "3.4.0"
source = { registry = "https://pypi.org/simple" }
sdist = { url = "https://files.pythonhosted.org/packages/11/74/539e56497d9bd1d484fd863dd69cbbfa653cd2aa27abfe35653494d85e94/cfgv-3.4.0.tar.gz", hash = "sha256:e52591d4c5f5dead8e0f673fb16db7949d2cfb3f7da4582893288f0ded8fe560", size = 7114 }
wheels = [
    { url = "https://files.pythonhosted.org/packages/c5/55/51844dd50c4fc7a33b653bfaba4c2456f06955289ca770a5dbd5fd267374/cfgv-3.4.0-py2.py3-none-any.whl", hash = "sha256:b7265b1f29fd3316bfcd2b330d63d024f2bfd8bcb8b0272f8e19a504856c48f9", size = 7249 },
]

[[package]]
name = "distlib"
version = "0.3.9"
source = { registry = "https://pypi.org/simple" }
sdist = { url = "https://files.pythonhosted.org/packages/0d/dd/1bec4c5ddb504ca60fc29472f3d27e8d4da1257a854e1d96742f15c1d02d/distlib-0.3.9.tar.gz", hash = "sha256:a60f20dea646b8a33f3e7772f74dc0b2d0772d2837ee1342a00645c81edf9403", size = 613923 }
wheels = [
    { url = "https://files.pythonhosted.org/packages/91/a1/cf2472db20f7ce4a6be1253a81cfdf85ad9c7885ffbed7047fb72c24cf87/distlib-0.3.9-py2.py3-none-any.whl", hash = "sha256:47f8c22fd27c27e25a65601af709b38e4f0a45ea4fc2e710f65755fa8caaaf87", size = 468973 },
]

[[package]]
name = "filelock"
version = "3.17.0"
source = { registry = "https://pypi.org/simple" }
sdist = { url = "https://files.pythonhosted.org/packages/dc/9c/0b15fb47b464e1b663b1acd1253a062aa5feecb07d4e597daea542ebd2b5/filelock-3.17.0.tar.gz", hash = "sha256:ee4e77401ef576ebb38cd7f13b9b28893194acc20a8e68e18730ba9c0e54660e", size = 18027 }
wheels = [
    { url = "https://files.pythonhosted.org/packages/89/ec/00d68c4ddfedfe64159999e5f8a98fb8442729a63e2077eb9dcd89623d27/filelock-3.17.0-py3-none-any.whl", hash = "sha256:533dc2f7ba78dc2f0f531fc6c4940addf7b70a481e269a5a3b93be94ffbe8338", size = 16164 },
]

[[package]]
name = "identify"
version = "2.6.8"
source = { registry = "https://pypi.org/simple" }
sdist = { url = "https://files.pythonhosted.org/packages/f9/fa/5eb460539e6f5252a7c5a931b53426e49258cde17e3d50685031c300a8fd/identify-2.6.8.tar.gz", hash = "sha256:61491417ea2c0c5c670484fd8abbb34de34cdae1e5f39a73ee65e48e4bb663fc", size = 99249 }
wheels = [
    { url = "https://files.pythonhosted.org/packages/78/8c/4bfcab2d8286473b8d83ea742716f4b79290172e75f91142bc1534b05b9a/identify-2.6.8-py2.py3-none-any.whl", hash = "sha256:83657f0f766a3c8d0eaea16d4ef42494b39b34629a4b3192a9d020d349b3e255", size = 99109 },
]

[[package]]
name = "nodeenv"
version = "1.9.1"
source = { registry = "https://pypi.org/simple" }
sdist = { url = "https://files.pythonhosted.org/packages/43/16/fc88b08840de0e0a72a2f9d8c6bae36be573e475a6326ae854bcc549fc45/nodeenv-1.9.1.tar.gz", hash = "sha256:6ec12890a2dab7946721edbfbcd91f3319c6ccc9aec47be7c7e6b7011ee6645f", size = 47437 }
wheels = [
    { url = "https://files.pythonhosted.org/packages/d2/1d/1b658dbd2b9fa9c4c9f32accbfc0205d532c8c6194dc0f2a4c0428e7128a/nodeenv-1.9.1-py2.py3-none-any.whl", hash = "sha256:ba11c9782d29c27c70ffbdda2d7415098754709be8a7056d79a737cd901155c9", size = 22314 },
]

[[package]]
name = "platformdirs"
version = "4.3.6"
source = { registry = "https://pypi.org/simple" }
sdist = { url = "https://files.pythonhosted.org/packages/13/fc/128cc9cb8f03208bdbf93d3aa862e16d376844a14f9a0ce5cf4507372de4/platformdirs-4.3.6.tar.gz", hash = "sha256:357fb2acbc885b0419afd3ce3ed34564c13c9b95c89360cd9563f73aa5e2b907", size = 21302 }
wheels = [
    { url = "https://files.pythonhosted.org/packages/3c/a6/bc1012356d8ece4d66dd75c4b9fc6c1f6650ddd5991e421177d9f8f671be/platformdirs-4.3.6-py3-none-any.whl", hash = "sha256:73e575e1408ab8103900836b97580d5307456908a03e92031bab39e4554cc3fb", size = 18439 },
]

[[package]]
name = "pre-commit"
version = "4.1.0"
source = { registry = "https://pypi.org/simple" }
dependencies = [
    { name = "cfgv" },
    { name = "identify" },
    { name = "nodeenv" },
    { name = "pyyaml" },
    { name = "virtualenv" },
]
sdist = { url = "https://files.pythonhosted.org/packages/2a/13/b62d075317d8686071eb843f0bb1f195eb332f48869d3c31a4c6f1e063ac/pre_commit-4.1.0.tar.gz", hash = "sha256:ae3f018575a588e30dfddfab9a05448bfbd6b73d78709617b5a2b853549716d4", size = 193330 }
wheels = [
    { url = "https://files.pythonhosted.org/packages/43/b3/df14c580d82b9627d173ceea305ba898dca135feb360b6d84019d0803d3b/pre_commit-4.1.0-py2.py3-none-any.whl", hash = "sha256:d29e7cb346295bcc1cc75fc3e92e343495e3ea0196c9ec6ba53f49f10ab6ae7b", size = 220560 },
]

[[package]]
name = "psycopg"
version = "3.2.5"
source = { registry = "https://pypi.org/simple" }
dependencies = [
    { name = "typing-extensions", marker = "python_full_version < '3.13'" },
    { name = "tzdata", marker = "sys_platform == 'win32'" },
]
sdist = { url = "https://files.pythonhosted.org/packages/0e/cf/dc1a4d45e3c6222fe272a245c5cea9a969a7157639da606ac7f2ab5de3a1/psycopg-3.2.5.tar.gz", hash = "sha256:f5f750611c67cb200e85b408882f29265c66d1de7f813add4f8125978bfd70e8", size = 156158 }
wheels = [
    { url = "https://files.pythonhosted.org/packages/18/f3/14a1370b1449ca875d5e353ef02cb9db6b70bd46ec361c236176837c0be1/psycopg-3.2.5-py3-none-any.whl", hash = "sha256:b782130983e5b3de30b4c529623d3687033b4dafa05bb661fc6bf45837ca5879", size = 198749 },
]

[package.optional-dependencies]
binary = [
    { name = "psycopg-binary", marker = "implementation_name != 'pypy'" },
]

[[package]]
name = "psycopg-binary"
version = "3.2.5"
source = { registry = "https://pypi.org/simple" }
wheels = [
    { url = "https://files.pythonhosted.org/packages/d6/30/af3806081adc75b5a8addde839d4c6b171a8c5d0d07dd92de20ca4dd6717/psycopg_binary-3.2.5-cp310-cp310-macosx_10_9_x86_64.whl", hash = "sha256:a82211a43372cba9b1555a110e84e679deec2dc9463ae4c736977dad99dca5ed", size = 3868990 },
    { url = "https://files.pythonhosted.org/packages/31/77/31968655db2efe83c519e6296ff3a85a0c9e50432e0c11c8ffae1b404870/psycopg_binary-3.2.5-cp310-cp310-macosx_11_0_arm64.whl", hash = "sha256:e7d215a43343d91ba08301865f059d9518818d66a222a85fb425e4156716f5a6", size = 3938253 },
    { url = "https://files.pythonhosted.org/packages/b5/d7/c898cd7d5c672d1c16b10dfde6ab220a6d295ff136711bf8ebcd1bebe91e/psycopg_binary-3.2.5-cp310-cp310-manylinux_2_17_aarch64.manylinux2014_aarch64.whl", hash = "sha256:3f893c0ed3d5c7b83b76b1f8f7d3ca5a03e38bcd3cab5d65b5c25a0d1064aca4", size = 4523098 },
    { url = "https://files.pythonhosted.org/packages/98/d7/84517d0f62ddb10ca15254b6a63596f0e47ebd462b3ed30473b191a2a57f/psycopg_binary-3.2.5-cp310-cp310-manylinux_2_17_i686.manylinux2014_i686.whl", hash = "sha256:2d10ce4c39eb9631381a0c3792727946a4391e843625a7ee9579ac6bb11495a5", size = 4329658 },
    { url = "https://files.pythonhosted.org/packages/3d/65/9c6addcf00ba80d2355ffa825d6537d60313c24d4b6db438f631f9ff0ac7/psycopg_binary-3.2.5-cp310-cp310-manylinux_2_17_ppc64le.manylinux2014_ppc64le.whl", hash = "sha256:8a602d9fdb567cca090ca19ac3ebf10219065be2a4f8cf9eb8356cffb5a7ab1d", size = 4575351 },
    { url = "https://files.pythonhosted.org/packages/a5/90/9f2c41b3b42d8cd8b9866f0bbd27a5796a1ca8042a1a019b39a6645df523/psycopg_binary-3.2.5-cp310-cp310-manylinux_2_17_x86_64.manylinux2014_x86_64.whl", hash = "sha256:c37eb3be7a6be93f4925ccf52bbfa60244da6c63201770a709dd81a3d2d08534", size = 4287136 },
    { url = "https://files.pythonhosted.org/packages/20/e6/2476e30ff4b02588799dc6d0cff244cea448f9a2a80e37b48c39a64a81be/psycopg_binary-3.2.5-cp310-cp310-musllinux_1_2_aarch64.whl", hash = "sha256:7d5f1bfc848a94e0d63fe693adee4f88bd9e5c415ecb4c9c17d2d44eba6795a6", size = 3872875 },
    { url = "https://files.pythonhosted.org/packages/ba/bc/93272521e571df3a6ce85553e2eba424c7abb2ded006b8d6643c2a3cc0f2/psycopg_binary-3.2.5-cp310-cp310-musllinux_1_2_i686.whl", hash = "sha256:b5e0acbc991472188c9df40eb56d8a97ad3ad00d4de560b8b74bdc2d94041a8f", size = 3341000 },
    { url = "https://files.pythonhosted.org/packages/a2/d7/930a127d2b4817445a08153a1b203655d3da52e79e4c66843d8bd7e3643f/psycopg_binary-3.2.5-cp310-cp310-musllinux_1_2_ppc64le.whl", hash = "sha256:d4e0c1b1aa5283f6d9a384ffc7a8400d25386bb98fdb9bddae446e4ef4da7366", size = 3439711 },
    { url = "https://files.pythonhosted.org/packages/aa/4a/73ea25870d0b4cac60ad768e6cdf4014e7a44036ec29d3820876c62efea0/psycopg_binary-3.2.5-cp310-cp310-musllinux_1_2_x86_64.whl", hash = "sha256:c3c5fa3d4fa0a651cefab391b783f89bc5e331afa0a4e93c9b16141993fa05c8", size = 3464993 },
    { url = "https://files.pythonhosted.org/packages/55/1d/790223b15283904759ef48279dd7201dc4a9d088c5196f7b529a52c5b40d/psycopg_binary-3.2.5-cp310-cp310-win_amd64.whl", hash = "sha256:7efe6c732fd2d7e22d72dc4f7cf9b644020adacfff61b0a8a151343da8e661c0", size = 2791126 },
    { url = "https://files.pythonhosted.org/packages/27/ac/201a9bcfe4a2ae0cc1999c55dff9a2da8daf829e9baca103045ed1c41876/psycopg_binary-3.2.5-cp311-cp311-macosx_10_9_x86_64.whl", hash = "sha256:393ab353196d364858b47317d27804ecc58ab56dbde32217bd67f0f2f2980662", size = 3876607 },
    { url = "https://files.pythonhosted.org/packages/4a/ef/2d7722bee81c0a2619b8748070cea8ec299979f677479554e299a864d171/psycopg_binary-3.2.5-cp311-cp311-macosx_11_0_arm64.whl", hash = "sha256:71d82dbc7c6c7f5746468e7992e5483aa45b12250d78d220a2431ab88795825c", size = 3942789 },
    { url = "https://files.pythonhosted.org/packages/f6/dc/a1fe4b61d0f614ab6283a9c5a35747b8fd2b72d7c21f201d6772394c0c09/psycopg_binary-3.2.5-cp311-cp311-manylinux_2_17_aarch64.manylinux2014_aarch64.whl", hash = "sha256:39e2cd10bf15442d95c3f48376b25dc33360418ea6c3c05884d8bf42407768c0", size = 4519457 },
    { url = "https://files.pythonhosted.org/packages/2c/5a/bbf5ec9fea9cc81c77d37957777d9b15492884437929fc634fc6dc16aade/psycopg_binary-3.2.5-cp311-cp311-manylinux_2_17_i686.manylinux2014_i686.whl", hash = "sha256:7623659d44a6aa032be4a066c658ba45009d768c2481526fbef7c609702af116", size = 4324376 },
    { url = "https://files.pythonhosted.org/packages/4b/17/c785b4a795860bf67f0dc1e03129cb8e9a3be45d21049ccbffeae9c576e9/psycopg_binary-3.2.5-cp311-cp311-manylinux_2_17_ppc64le.manylinux2014_ppc64le.whl", hash = "sha256:8cd9ebf335262e864d740f9dad3f672f61162cc0d4825a5eb5cf50df334a688f", size = 4578729 },
    { url = "https://files.pythonhosted.org/packages/e8/bb/c7bcb17b60040777fb26efd2db5f61bc84453e380114be480ebbedc20829/psycopg_binary-3.2.5-cp311-cp311-manylinux_2_17_x86_64.manylinux2014_x86_64.whl", hash = "sha256:dc8bc40d82d1ee8dec136e10707c7f3147a6322fd8014e174a0f3446fb793649", size = 4281876 },
    { url = "https://files.pythonhosted.org/packages/2c/a2/ea6d36644fbccd462f4e3bd79149e94b284d4f90f24671bd50ce5e9e9dc5/psycopg_binary-3.2.5-cp311-cp311-musllinux_1_2_aarch64.whl", hash = "sha256:11e3ed8b94c750d54fc3e4502dd930fb0fd041629845b6a7ce089873ac9756b0", size = 3871313 },
    { url = "https://files.pythonhosted.org/packages/09/38/b32728e13d65bac03d556f730af02509310f451ee873f8662bfc40b3f6ef/psycopg_binary-3.2.5-cp311-cp311-musllinux_1_2_i686.whl", hash = "sha256:48fcb12a0a72fdfe4102bdb1252a7366e8d73a2c89fe6ce5923be890de367c2f", size = 3334458 },
    { url = "https://files.pythonhosted.org/packages/ca/69/fcd3d845ff2a39fad7783249c8add4966cb12a50f40df3cbcd743fa24c10/psycopg_binary-3.2.5-cp311-cp311-musllinux_1_2_ppc64le.whl", hash = "sha256:51a96d9fe51f718912b4a0089784f1f32d800217499fd0f0095b888506aba4c5", size = 3432832 },
    { url = "https://files.pythonhosted.org/packages/f6/9c/90baa71833da03c08ff9d4e12a4bcebfb15c1b0259738f7d3970c2292ab9/psycopg_binary-3.2.5-cp311-cp311-musllinux_1_2_x86_64.whl", hash = "sha256:eb8293d66c6a4ddc72fceb7ad0e111cb196cc394954ae0f9b63c251d97f1b00e", size = 3463280 },
    { url = "https://files.pythonhosted.org/packages/4f/42/f40ca24a89de58a47e54f82d7124d7dcf996781c89a5ed7bfe722e96da55/psycopg_binary-3.2.5-cp311-cp311-win_amd64.whl", hash = "sha256:5b81342e139ddccfa417832089cd213bd4beacd7a1462ca4019cafe71682d177", size = 2794275 },
    { url = "https://files.pythonhosted.org/packages/84/eb/175a81bfd26734eeaaa39b651bc44a3c5e3fce1190963ace21e428c4d2ee/psycopg_binary-3.2.5-cp312-cp312-macosx_10_13_x86_64.whl", hash = "sha256:a4321ee8180982d70458d3e8378e31448901bf0ee40fe0d410a87413578f4098", size = 3857964 },
    { url = "https://files.pythonhosted.org/packages/ca/2e/0d57047372c3dd31becc1a48185862d7e6714ffbdc1401742a32f2294f79/psycopg_binary-3.2.5-cp312-cp312-macosx_11_0_arm64.whl", hash = "sha256:2cc86657c05e09c701e97f87132cd58e0d55381dd568520081ac1fe7580a9bbb", size = 3940056 },
    { url = "https://files.pythonhosted.org/packages/c5/2f/339a18b28787d33fe892d1ae1fbaa83739c6274327cbf9ada4158322ad9d/psycopg_binary-3.2.5-cp312-cp312-manylinux_2_17_aarch64.manylinux2014_aarch64.whl", hash = "sha256:5244bebaa9734a236b7157fb57c065b6c0f2344281916187bd73f951df1899e0", size = 4499081 },
    { url = "https://files.pythonhosted.org/packages/42/21/32d7115b2cbd87d043ad494254fd7c4c8652ac3c32f49bb571fd8111caf3/psycopg_binary-3.2.5-cp312-cp312-manylinux_2_17_i686.manylinux2014_i686.whl", hash = "sha256:21b839f9bfd77ed074f7f71464a43f453400c57d038a0ba0716329a28e335897", size = 4307502 },
    { url = "https://files.pythonhosted.org/packages/00/67/e99b58f616dd02c5e52c179b3df047d9683a9f699993cb1795ee435db598/psycopg_binary-3.2.5-cp312-cp312-manylinux_2_17_ppc64le.manylinux2014_ppc64le.whl", hash = "sha256:7376b13504396da9678b646f5338462347da01286b2a688a0d8493ec764683a2", size = 4547821 },
    { url = "https://files.pythonhosted.org/packages/0d/64/9d13ee0fed78a47c506a93d1e67ee53cc7ffd75c1f5885b59d17810fe5cd/psycopg_binary-3.2.5-cp312-cp312-manylinux_2_17_x86_64.manylinux2014_x86_64.whl", hash = "sha256:473f6827cf1faf3924eb77146d1e85126a1b5e48a88053b8d8b78dd29e971d78", size = 4259849 },
    { url = "https://files.pythonhosted.org/packages/ea/f2/172b6ebcd60a1a86f5ce1a539cfb93ffbe42fc9bc7ab2e1ed79e99a75d71/psycopg_binary-3.2.5-cp312-cp312-musllinux_1_2_aarch64.whl", hash = "sha256:28bd5cb2324567e5e70f07fe1d646398d6b0e210e28b49be0e69593590a59980", size = 3847280 },
    { url = "https://files.pythonhosted.org/packages/0f/51/9cd26c6b862d499b4b25ea173ae6e21c9d460ddce6b09cbe9501dff66211/psycopg_binary-3.2.5-cp312-cp312-musllinux_1_2_i686.whl", hash = "sha256:48f97936145cb7de18b95d85670b2d3e2c257277263272be05815b74fb0ef195", size = 3320262 },
    { url = "https://files.pythonhosted.org/packages/51/7d/2dac61ff16476e77c6ce0a49a30b130e2ba6ad08c83c4950591b4bc49cf2/psycopg_binary-3.2.5-cp312-cp312-musllinux_1_2_ppc64le.whl", hash = "sha256:8e6f2bef5aed021fbdf46323d3cd8847bf960efb56394698644a8ee2306f8892", size = 3400254 },
    { url = "https://files.pythonhosted.org/packages/45/67/bd36932c24f96dc1bc21fb18b1bdebcda7b9791067f7151a1c5dc1193e6b/psycopg_binary-3.2.5-cp312-cp312-musllinux_1_2_x86_64.whl", hash = "sha256:3d2e57a1d06f3968e49e948ba374f21a7d8dcf44f37d582a4aeddeb7c85ce239", size = 3438916 },
    { url = "https://files.pythonhosted.org/packages/00/ab/882b861cfcf83d7faffe583e1e092117cd66eacc86fb4517d27973e52f35/psycopg_binary-3.2.5-cp312-cp312-win_amd64.whl", hash = "sha256:2cbb8649cfdacbd14e17f5ab78edc52d33350013888518c73e90c5d17d7bea55", size = 2782504 },
    { url = "https://files.pythonhosted.org/packages/81/3d/26483d75e1a5daa93cbb47ee7cde96fac07a9b026058b036b00a04f5c012/psycopg_binary-3.2.5-cp313-cp313-macosx_10_13_x86_64.whl", hash = "sha256:2dbaf32c18c0d11c4480016b89c9c5cadb7b64c55de7f181d222b189bd13a558", size = 3852616 },
    { url = "https://files.pythonhosted.org/packages/90/cb/542bd0eab110ed2ddcc02cbe8f5df0afe3e86bd843c533fc6a795ffd7c0f/psycopg_binary-3.2.5-cp313-cp313-macosx_11_0_arm64.whl", hash = "sha256:ca5e36a3e7480a5c09aed99ecdb8e6554b21485c3b064297fe77f7b1b5806106", size = 3936563 },
    { url = "https://files.pythonhosted.org/packages/e1/43/2b347816983a5b0f1cc3e608eae4650422476187e047e574981081bcf9ec/psycopg_binary-3.2.5-cp313-cp313-manylinux_2_17_aarch64.manylinux2014_aarch64.whl", hash = "sha256:9abe093a303e25ac58774a11241150e2fe2947358d1ca12521ad03c90b131060", size = 4499166 },
    { url = "https://files.pythonhosted.org/packages/3f/0d/d7ac5289dfa1163b0fcce9aeb848a7f4499d7b3ef34f1de565d0ba9a51bd/psycopg_binary-3.2.5-cp313-cp313-manylinux_2_17_i686.manylinux2014_i686.whl", hash = "sha256:a91b0e096fdfeb52d86bb8f5ee25dc22483d6960af9b968e6b381a8ec5bfbf82", size = 4311647 },
    { url = "https://files.pythonhosted.org/packages/7b/a2/b238d91cbbc5953ff6910737b5a598cc4d5aad84453052005891cec329b3/psycopg_binary-3.2.5-cp313-cp313-manylinux_2_17_ppc64le.manylinux2014_ppc64le.whl", hash = "sha256:3eb71cfc35116e4a8e336b7e785f1fe06ca23b4516a48ea91facd577d1a1fdf6", size = 4547848 },
    { url = "https://files.pythonhosted.org/packages/d7/33/e78ae02d8f23753af2884303370b914a5d172f76fed13bfde380ec473f53/psycopg_binary-3.2.5-cp313-cp313-manylinux_2_17_x86_64.manylinux2014_x86_64.whl", hash = "sha256:98efaedf2bf79f4d563ca039a57a025b72847bd80568f54709cc39fc1404772c", size = 4261732 },
    { url = "https://files.pythonhosted.org/packages/44/9a/1745ff5c6e4c715aa71f3da3f393022ec0c7cc972fa0ee7296df8871d6d6/psycopg_binary-3.2.5-cp313-cp313-musllinux_1_2_aarch64.whl", hash = "sha256:ba4a610882171bdaae0779f14e0ff45f3ee271fd2dbf16cdadfc81bd67323232", size = 3850803 },
    { url = "https://files.pythonhosted.org/packages/7b/1c/933fb04560e7bcf5f24c632f9381e8700dcf8462adcd32eabd6192480d66/psycopg_binary-3.2.5-cp313-cp313-musllinux_1_2_i686.whl", hash = "sha256:1494827c43265820d5dcdc6f8086521bc7dd04b9da8831310978a788cdcd2e62", size = 3320315 },
    { url = "https://files.pythonhosted.org/packages/5d/36/111e2db9c3ff5123da4ce814aa9462d242a7c393f132a4005ec427e09903/psycopg_binary-3.2.5-cp313-cp313-musllinux_1_2_ppc64le.whl", hash = "sha256:7a94020821723a6a210206ddb458001f3ed27e1e6a0555b9422bebf7ead8ff37", size = 3403225 },
    { url = "https://files.pythonhosted.org/packages/90/04/246efe587463d13b015202ab344e12e8e30ea9ba90ca952def0469b95a9e/psycopg_binary-3.2.5-cp313-cp313-musllinux_1_2_x86_64.whl", hash = "sha256:659f2c675d478b1bc01b95a8d3ded74fa939b370e71ffbecd496f617b215eb05", size = 3440446 },
    { url = "https://files.pythonhosted.org/packages/92/75/5e15e7a6ad4c6a00fe1a28fe704310dc7f7b26dbd5e6e14c817e7899451b/psycopg_binary-3.2.5-cp313-cp313-win_amd64.whl", hash = "sha256:6b581da13126b8715c0c0585cd37ce934c9864d44b2a4019f5487c0b943275e6", size = 2783095 },
]

[[package]]
name = "python-postgres"
version = "0.0.6"
source = { editable = "." }

[package.dev-dependencies]
dev = [
    { name = "pre-commit" },
    { name = "psycopg", extra = ["binary"] },
    { name = "ruff" },
]

[package.metadata]

[package.metadata.requires-dev]
dev = [
    { name = "pre-commit", specifier = ">=4.0.1" },
    { name = "psycopg", extras = ["binary"], specifier = ">=3.2.5" },
    { name = "ruff", specifier = ">=0.9.2" },
]

[[package]]
name = "pyyaml"
version = "6.0.2"
source = { registry = "https://pypi.org/simple" }
sdist = { url = "https://files.pythonhosted.org/packages/54/ed/79a089b6be93607fa5cdaedf301d7dfb23af5f25c398d5ead2525b063e17/pyyaml-6.0.2.tar.gz", hash = "sha256:d584d9ec91ad65861cc08d42e834324ef890a082e591037abe114850ff7bbc3e", size = 130631 }
wheels = [
    { url = "https://files.pythonhosted.org/packages/9b/95/a3fac87cb7158e231b5a6012e438c647e1a87f09f8e0d123acec8ab8bf71/PyYAML-6.0.2-cp310-cp310-macosx_10_9_x86_64.whl", hash = "sha256:0a9a2848a5b7feac301353437eb7d5957887edbf81d56e903999a75a3d743086", size = 184199 },
    { url = "https://files.pythonhosted.org/packages/c7/7a/68bd47624dab8fd4afbfd3c48e3b79efe09098ae941de5b58abcbadff5cb/PyYAML-6.0.2-cp310-cp310-macosx_11_0_arm64.whl", hash = "sha256:29717114e51c84ddfba879543fb232a6ed60086602313ca38cce623c1d62cfbf", size = 171758 },
    { url = "https://files.pythonhosted.org/packages/49/ee/14c54df452143b9ee9f0f29074d7ca5516a36edb0b4cc40c3f280131656f/PyYAML-6.0.2-cp310-cp310-manylinux_2_17_aarch64.manylinux2014_aarch64.whl", hash = "sha256:8824b5a04a04a047e72eea5cec3bc266db09e35de6bdfe34c9436ac5ee27d237", size = 718463 },
    { url = "https://files.pythonhosted.org/packages/4d/61/de363a97476e766574650d742205be468921a7b532aa2499fcd886b62530/PyYAML-6.0.2-cp310-cp310-manylinux_2_17_s390x.manylinux2014_s390x.whl", hash = "sha256:7c36280e6fb8385e520936c3cb3b8042851904eba0e58d277dca80a5cfed590b", size = 719280 },
    { url = "https://files.pythonhosted.org/packages/6b/4e/1523cb902fd98355e2e9ea5e5eb237cbc5f3ad5f3075fa65087aa0ecb669/PyYAML-6.0.2-cp310-cp310-manylinux_2_17_x86_64.manylinux2014_x86_64.whl", hash = "sha256:ec031d5d2feb36d1d1a24380e4db6d43695f3748343d99434e6f5f9156aaa2ed", size = 751239 },
    { url = "https://files.pythonhosted.org/packages/b7/33/5504b3a9a4464893c32f118a9cc045190a91637b119a9c881da1cf6b7a72/PyYAML-6.0.2-cp310-cp310-musllinux_1_1_aarch64.whl", hash = "sha256:936d68689298c36b53b29f23c6dbb74de12b4ac12ca6cfe0e047bedceea56180", size = 695802 },
    { url = "https://files.pythonhosted.org/packages/5c/20/8347dcabd41ef3a3cdc4f7b7a2aff3d06598c8779faa189cdbf878b626a4/PyYAML-6.0.2-cp310-cp310-musllinux_1_1_x86_64.whl", hash = "sha256:23502f431948090f597378482b4812b0caae32c22213aecf3b55325e049a6c68", size = 720527 },
    { url = "https://files.pythonhosted.org/packages/be/aa/5afe99233fb360d0ff37377145a949ae258aaab831bde4792b32650a4378/PyYAML-6.0.2-cp310-cp310-win32.whl", hash = "sha256:2e99c6826ffa974fe6e27cdb5ed0021786b03fc98e5ee3c5bfe1fd5015f42b99", size = 144052 },
    { url = "https://files.pythonhosted.org/packages/b5/84/0fa4b06f6d6c958d207620fc60005e241ecedceee58931bb20138e1e5776/PyYAML-6.0.2-cp310-cp310-win_amd64.whl", hash = "sha256:a4d3091415f010369ae4ed1fc6b79def9416358877534caf6a0fdd2146c87a3e", size = 161774 },
    { url = "https://files.pythonhosted.org/packages/f8/aa/7af4e81f7acba21a4c6be026da38fd2b872ca46226673c89a758ebdc4fd2/PyYAML-6.0.2-cp311-cp311-macosx_10_9_x86_64.whl", hash = "sha256:cc1c1159b3d456576af7a3e4d1ba7e6924cb39de8f67111c735f6fc832082774", size = 184612 },
    { url = "https://files.pythonhosted.org/packages/8b/62/b9faa998fd185f65c1371643678e4d58254add437edb764a08c5a98fb986/PyYAML-6.0.2-cp311-cp311-macosx_11_0_arm64.whl", hash = "sha256:1e2120ef853f59c7419231f3bf4e7021f1b936f6ebd222406c3b60212205d2ee", size = 172040 },
    { url = "https://files.pythonhosted.org/packages/ad/0c/c804f5f922a9a6563bab712d8dcc70251e8af811fce4524d57c2c0fd49a4/PyYAML-6.0.2-cp311-cp311-manylinux_2_17_aarch64.manylinux2014_aarch64.whl", hash = "sha256:5d225db5a45f21e78dd9358e58a98702a0302f2659a3c6cd320564b75b86f47c", size = 736829 },
    { url = "https://files.pythonhosted.org/packages/51/16/6af8d6a6b210c8e54f1406a6b9481febf9c64a3109c541567e35a49aa2e7/PyYAML-6.0.2-cp311-cp311-manylinux_2_17_s390x.manylinux2014_s390x.whl", hash = "sha256:5ac9328ec4831237bec75defaf839f7d4564be1e6b25ac710bd1a96321cc8317", size = 764167 },
    { url = "https://files.pythonhosted.org/packages/75/e4/2c27590dfc9992f73aabbeb9241ae20220bd9452df27483b6e56d3975cc5/PyYAML-6.0.2-cp311-cp311-manylinux_2_17_x86_64.manylinux2014_x86_64.whl", hash = "sha256:3ad2a3decf9aaba3d29c8f537ac4b243e36bef957511b4766cb0057d32b0be85", size = 762952 },
    { url = "https://files.pythonhosted.org/packages/9b/97/ecc1abf4a823f5ac61941a9c00fe501b02ac3ab0e373c3857f7d4b83e2b6/PyYAML-6.0.2-cp311-cp311-musllinux_1_1_aarch64.whl", hash = "sha256:ff3824dc5261f50c9b0dfb3be22b4567a6f938ccce4587b38952d85fd9e9afe4", size = 735301 },
    { url = "https://files.pythonhosted.org/packages/45/73/0f49dacd6e82c9430e46f4a027baa4ca205e8b0a9dce1397f44edc23559d/PyYAML-6.0.2-cp311-cp311-musllinux_1_1_x86_64.whl", hash = "sha256:797b4f722ffa07cc8d62053e4cff1486fa6dc094105d13fea7b1de7d8bf71c9e", size = 756638 },
    { url = "https://files.pythonhosted.org/packages/22/5f/956f0f9fc65223a58fbc14459bf34b4cc48dec52e00535c79b8db361aabd/PyYAML-6.0.2-cp311-cp311-win32.whl", hash = "sha256:11d8f3dd2b9c1207dcaf2ee0bbbfd5991f571186ec9cc78427ba5bd32afae4b5", size = 143850 },
    { url = "https://files.pythonhosted.org/packages/ed/23/8da0bbe2ab9dcdd11f4f4557ccaf95c10b9811b13ecced089d43ce59c3c8/PyYAML-6.0.2-cp311-cp311-win_amd64.whl", hash = "sha256:e10ce637b18caea04431ce14fabcf5c64a1c61ec9c56b071a4b7ca131ca52d44", size = 161980 },
    { url = "https://files.pythonhosted.org/packages/86/0c/c581167fc46d6d6d7ddcfb8c843a4de25bdd27e4466938109ca68492292c/PyYAML-6.0.2-cp312-cp312-macosx_10_9_x86_64.whl", hash = "sha256:c70c95198c015b85feafc136515252a261a84561b7b1d51e3384e0655ddf25ab", size = 183873 },
    { url = "https://files.pythonhosted.org/packages/a8/0c/38374f5bb272c051e2a69281d71cba6fdb983413e6758b84482905e29a5d/PyYAML-6.0.2-cp312-cp312-macosx_11_0_arm64.whl", hash = "sha256:ce826d6ef20b1bc864f0a68340c8b3287705cae2f8b4b1d932177dcc76721725", size = 173302 },
    { url = "https://files.pythonhosted.org/packages/c3/93/9916574aa8c00aa06bbac729972eb1071d002b8e158bd0e83a3b9a20a1f7/PyYAML-6.0.2-cp312-cp312-manylinux_2_17_aarch64.manylinux2014_aarch64.whl", hash = "sha256:1f71ea527786de97d1a0cc0eacd1defc0985dcf6b3f17bb77dcfc8c34bec4dc5", size = 739154 },
    { url = "https://files.pythonhosted.org/packages/95/0f/b8938f1cbd09739c6da569d172531567dbcc9789e0029aa070856f123984/PyYAML-6.0.2-cp312-cp312-manylinux_2_17_s390x.manylinux2014_s390x.whl", hash = "sha256:9b22676e8097e9e22e36d6b7bda33190d0d400f345f23d4065d48f4ca7ae0425", size = 766223 },
    { url = "https://files.pythonhosted.org/packages/b9/2b/614b4752f2e127db5cc206abc23a8c19678e92b23c3db30fc86ab731d3bd/PyYAML-6.0.2-cp312-cp312-manylinux_2_17_x86_64.manylinux2014_x86_64.whl", hash = "sha256:80bab7bfc629882493af4aa31a4cfa43a4c57c83813253626916b8c7ada83476", size = 767542 },
    { url = "https://files.pythonhosted.org/packages/d4/00/dd137d5bcc7efea1836d6264f049359861cf548469d18da90cd8216cf05f/PyYAML-6.0.2-cp312-cp312-musllinux_1_1_aarch64.whl", hash = "sha256:0833f8694549e586547b576dcfaba4a6b55b9e96098b36cdc7ebefe667dfed48", size = 731164 },
    { url = "https://files.pythonhosted.org/packages/c9/1f/4f998c900485e5c0ef43838363ba4a9723ac0ad73a9dc42068b12aaba4e4/PyYAML-6.0.2-cp312-cp312-musllinux_1_1_x86_64.whl", hash = "sha256:8b9c7197f7cb2738065c481a0461e50ad02f18c78cd75775628afb4d7137fb3b", size = 756611 },
    { url = "https://files.pythonhosted.org/packages/df/d1/f5a275fdb252768b7a11ec63585bc38d0e87c9e05668a139fea92b80634c/PyYAML-6.0.2-cp312-cp312-win32.whl", hash = "sha256:ef6107725bd54b262d6dedcc2af448a266975032bc85ef0172c5f059da6325b4", size = 140591 },
    { url = "https://files.pythonhosted.org/packages/0c/e8/4f648c598b17c3d06e8753d7d13d57542b30d56e6c2dedf9c331ae56312e/PyYAML-6.0.2-cp312-cp312-win_amd64.whl", hash = "sha256:7e7401d0de89a9a855c839bc697c079a4af81cf878373abd7dc625847d25cbd8", size = 156338 },
    { url = "https://files.pythonhosted.org/packages/ef/e3/3af305b830494fa85d95f6d95ef7fa73f2ee1cc8ef5b495c7c3269fb835f/PyYAML-6.0.2-cp313-cp313-macosx_10_13_x86_64.whl", hash = "sha256:efdca5630322a10774e8e98e1af481aad470dd62c3170801852d752aa7a783ba", size = 181309 },
    { url = "https://files.pythonhosted.org/packages/45/9f/3b1c20a0b7a3200524eb0076cc027a970d320bd3a6592873c85c92a08731/PyYAML-6.0.2-cp313-cp313-macosx_11_0_arm64.whl", hash = "sha256:50187695423ffe49e2deacb8cd10510bc361faac997de9efef88badc3bb9e2d1", size = 171679 },
    { url = "https://files.pythonhosted.org/packages/7c/9a/337322f27005c33bcb656c655fa78325b730324c78620e8328ae28b64d0c/PyYAML-6.0.2-cp313-cp313-manylinux_2_17_aarch64.manylinux2014_aarch64.whl", hash = "sha256:0ffe8360bab4910ef1b9e87fb812d8bc0a308b0d0eef8c8f44e0254ab3b07133", size = 733428 },
    { url = "https://files.pythonhosted.org/packages/a3/69/864fbe19e6c18ea3cc196cbe5d392175b4cf3d5d0ac1403ec3f2d237ebb5/PyYAML-6.0.2-cp313-cp313-manylinux_2_17_s390x.manylinux2014_s390x.whl", hash = "sha256:17e311b6c678207928d649faa7cb0d7b4c26a0ba73d41e99c4fff6b6c3276484", size = 763361 },
    { url = "https://files.pythonhosted.org/packages/04/24/b7721e4845c2f162d26f50521b825fb061bc0a5afcf9a386840f23ea19fa/PyYAML-6.0.2-cp313-cp313-manylinux_2_17_x86_64.manylinux2014_x86_64.whl", hash = "sha256:70b189594dbe54f75ab3a1acec5f1e3faa7e8cf2f1e08d9b561cb41b845f69d5", size = 759523 },
    { url = "https://files.pythonhosted.org/packages/2b/b2/e3234f59ba06559c6ff63c4e10baea10e5e7df868092bf9ab40e5b9c56b6/PyYAML-6.0.2-cp313-cp313-musllinux_1_1_aarch64.whl", hash = "sha256:41e4e3953a79407c794916fa277a82531dd93aad34e29c2a514c2c0c5fe971cc", size = 726660 },
    { url = "https://files.pythonhosted.org/packages/fe/0f/25911a9f080464c59fab9027482f822b86bf0608957a5fcc6eaac85aa515/PyYAML-6.0.2-cp313-cp313-musllinux_1_1_x86_64.whl", hash = "sha256:68ccc6023a3400877818152ad9a1033e3db8625d899c72eacb5a668902e4d652", size = 751597 },
    { url = "https://files.pythonhosted.org/packages/14/0d/e2c3b43bbce3cf6bd97c840b46088a3031085179e596d4929729d8d68270/PyYAML-6.0.2-cp313-cp313-win32.whl", hash = "sha256:bc2fa7c6b47d6bc618dd7fb02ef6fdedb1090ec036abab80d4681424b84c1183", size = 140527 },
    { url = "https://files.pythonhosted.org/packages/fa/de/02b54f42487e3d3c6efb3f89428677074ca7bf43aae402517bc7cca949f3/PyYAML-6.0.2-cp313-cp313-win_amd64.whl", hash = "sha256:8388ee1976c416731879ac16da0aff3f63b286ffdd57cdeb95f3f2e085687563", size = 156446 },
]

[[package]]
name = "ruff"
version = "0.9.9"
source = { registry = "https://pypi.org/simple" }
sdist = { url = "https://files.pythonhosted.org/packages/6f/c3/418441a8170e8d53d05c0b9dad69760dbc7b8a12c10dbe6db1e1205d2377/ruff-0.9.9.tar.gz", hash = "sha256:0062ed13f22173e85f8f7056f9a24016e692efeea8704d1a5e8011b8aa850933", size = 3717448 }
wheels = [
    { url = "https://files.pythonhosted.org/packages/bc/c3/2c4afa9ba467555d074b146d9aed0633a56ccdb900839fb008295d037b89/ruff-0.9.9-py3-none-linux_armv6l.whl", hash = "sha256:628abb5ea10345e53dff55b167595a159d3e174d6720bf19761f5e467e68d367", size = 10027252 },
    { url = "https://files.pythonhosted.org/packages/33/d1/439e58487cf9eac26378332e25e7d5ade4b800ce1eec7dc2cfc9b0d7ca96/ruff-0.9.9-py3-none-macosx_10_12_x86_64.whl", hash = "sha256:b6cd1428e834b35d7493354723543b28cc11dc14d1ce19b685f6e68e07c05ec7", size = 10840721 },
    { url = "https://files.pythonhosted.org/packages/50/44/fead822c38281ba0122f1b76b460488a175a9bd48b130650a6fb6dbcbcf9/ruff-0.9.9-py3-none-macosx_11_0_arm64.whl", hash = "sha256:5ee162652869120ad260670706f3cd36cd3f32b0c651f02b6da142652c54941d", size = 10161439 },
    { url = "https://files.pythonhosted.org/packages/11/ae/d404a2ab8e61ddf6342e09cc6b7f7846cce6b243e45c2007dbe0ca928a5d/ruff-0.9.9-py3-none-manylinux_2_17_aarch64.manylinux2014_aarch64.whl", hash = "sha256:3aa0f6b75082c9be1ec5a1db78c6d4b02e2375c3068438241dc19c7c306cc61a", size = 10336264 },
    { url = "https://files.pythonhosted.org/packages/6a/4e/7c268aa7d84cd709fb6f046b8972313142cffb40dfff1d2515c5e6288d54/ruff-0.9.9-py3-none-manylinux_2_17_armv7l.manylinux2014_armv7l.whl", hash = "sha256:584cc66e89fb5f80f84b05133dd677a17cdd86901d6479712c96597a3f28e7fe", size = 9908774 },
    { url = "https://files.pythonhosted.org/packages/cc/26/c618a878367ef1b76270fd027ca93692657d3f6122b84ba48911ef5f2edc/ruff-0.9.9-py3-none-manylinux_2_17_i686.manylinux2014_i686.whl", hash = "sha256:abf3369325761a35aba75cd5c55ba1b5eb17d772f12ab168fbfac54be85cf18c", size = 11428127 },
    { url = "https://files.pythonhosted.org/packages/d7/9a/c5588a93d9bfed29f565baf193fe802fa676a0c837938137ea6cf0576d8c/ruff-0.9.9-py3-none-manylinux_2_17_ppc64.manylinux2014_ppc64.whl", hash = "sha256:3403a53a32a90ce929aa2f758542aca9234befa133e29f4933dcef28a24317be", size = 12133187 },
    { url = "https://files.pythonhosted.org/packages/3e/ff/e7980a7704a60905ed7e156a8d73f604c846d9bd87deda9cabfa6cba073a/ruff-0.9.9-py3-none-manylinux_2_17_ppc64le.manylinux2014_ppc64le.whl", hash = "sha256:18454e7fa4e4d72cffe28a37cf6a73cb2594f81ec9f4eca31a0aaa9ccdfb1590", size = 11602937 },
    { url = "https://files.pythonhosted.org/packages/24/78/3690444ad9e3cab5c11abe56554c35f005b51d1d118b429765249095269f/ruff-0.9.9-py3-none-manylinux_2_17_s390x.manylinux2014_s390x.whl", hash = "sha256:0fadfe2c88724c9617339f62319ed40dcdadadf2888d5afb88bf3adee7b35bfb", size = 13771698 },
    { url = "https://files.pythonhosted.org/packages/6e/bf/e477c2faf86abe3988e0b5fd22a7f3520e820b2ee335131aca2e16120038/ruff-0.9.9-py3-none-manylinux_2_17_x86_64.manylinux2014_x86_64.whl", hash = "sha256:6df104d08c442a1aabcfd254279b8cc1e2cbf41a605aa3e26610ba1ec4acf0b0", size = 11249026 },
    { url = "https://files.pythonhosted.org/packages/f7/82/cdaffd59e5a8cb5b14c408c73d7a555a577cf6645faaf83e52fe99521715/ruff-0.9.9-py3-none-musllinux_1_2_aarch64.whl", hash = "sha256:d7c62939daf5b2a15af48abbd23bea1efdd38c312d6e7c4cedf5a24e03207e17", size = 10220432 },
    { url = "https://files.pythonhosted.org/packages/fe/a4/2507d0026225efa5d4412b6e294dfe54725a78652a5c7e29e6bd0fc492f3/ruff-0.9.9-py3-none-musllinux_1_2_armv7l.whl", hash = "sha256:9494ba82a37a4b81b6a798076e4a3251c13243fc37967e998efe4cce58c8a8d1", size = 9874602 },
    { url = "https://files.pythonhosted.org/packages/d5/be/f3aab1813846b476c4bcffe052d232244979c3cd99d751c17afb530ca8e4/ruff-0.9.9-py3-none-musllinux_1_2_i686.whl", hash = "sha256:4efd7a96ed6d36ef011ae798bf794c5501a514be369296c672dab7921087fa57", size = 10851212 },
    { url = "https://files.pythonhosted.org/packages/8b/45/8e5fd559bea0d2f57c4e12bf197a2fade2fac465aa518284f157dfbca92b/ruff-0.9.9-py3-none-musllinux_1_2_x86_64.whl", hash = "sha256:ab90a7944c5a1296f3ecb08d1cbf8c2da34c7e68114b1271a431a3ad30cb660e", size = 11327490 },
    { url = "https://files.pythonhosted.org/packages/42/55/e6c90f13880aeef327746052907e7e930681f26a164fe130ddac28b08269/ruff-0.9.9-py3-none-win32.whl", hash = "sha256:6b4c376d929c25ecd6d87e182a230fa4377b8e5125a4ff52d506ee8c087153c1", size = 10227912 },
    { url = "https://files.pythonhosted.org/packages/35/b2/da925693cb82a1208aa34966c0f36cb222baca94e729dd22a587bc22d0f3/ruff-0.9.9-py3-none-win_amd64.whl", hash = "sha256:837982ea24091d4c1700ddb2f63b7070e5baec508e43b01de013dc7eff974ff1", size = 11355632 },
    { url = "https://files.pythonhosted.org/packages/31/d8/de873d1c1b020d668d8ec9855d390764cb90cf8f6486c0983da52be8b7b7/ruff-0.9.9-py3-none-win_arm64.whl", hash = "sha256:3ac78f127517209fe6d96ab00f3ba97cafe38718b23b1db3e96d8b2d39e37ddf", size = 10435860 },
]

[[package]]
name = "typing-extensions"
version = "4.12.2"
source = { registry = "https://pypi.org/simple" }
sdist = { url = "https://files.pythonhosted.org/packages/df/db/f35a00659bc03fec321ba8bce9420de607a1d37f8342eee1863174c69557/typing_extensions-4.12.2.tar.gz", hash = "sha256:1a7ead55c7e559dd4dee8856e3a88b41225abfe1ce8df57b7c13915fe121ffb8", size = 85321 }
wheels = [
    { url = "https://files.pythonhosted.org/packages/26/9f/ad63fc0248c5379346306f8668cda6e2e2e9c95e01216d2b8ffd9ff037d0/typing_extensions-4.12.2-py3-none-any.whl", hash = "sha256:04e5ca0351e0f3f85c6853954072df659d0d13fac324d0072316b67d7794700d", size = 37438 },
]

[[package]]
name = "tzdata"
version = "2025.1"
source = { registry = "https://pypi.org/simple" }
sdist = { url = "https://files.pythonhosted.org/packages/43/0f/fa4723f22942480be4ca9527bbde8d43f6c3f2fe8412f00e7f5f6746bc8b/tzdata-2025.1.tar.gz", hash = "sha256:24894909e88cdb28bd1636c6887801df64cb485bd593f2fd83ef29075a81d694", size = 194950 }
wheels = [
    { url = "https://files.pythonhosted.org/packages/0f/dd/84f10e23edd882c6f968c21c2434fe67bd4a528967067515feca9e611e5e/tzdata-2025.1-py2.py3-none-any.whl", hash = "sha256:7e127113816800496f027041c570f50bcd464a020098a3b6b199517772303639", size = 346762 },
]

[[package]]
name = "virtualenv"
version = "20.29.2"
source = { registry = "https://pypi.org/simple" }
dependencies = [
    { name = "distlib" },
    { name = "filelock" },
    { name = "platformdirs" },
]
sdist = { url = "https://files.pythonhosted.org/packages/f1/88/dacc875dd54a8acadb4bcbfd4e3e86df8be75527116c91d8f9784f5e9cab/virtualenv-20.29.2.tar.gz", hash = "sha256:fdaabebf6d03b5ba83ae0a02cfe96f48a716f4fae556461d180825866f75b728", size = 4320272 }
wheels = [
    { url = "https://files.pythonhosted.org/packages/93/fa/849483d56773ae29740ae70043ad88e068f98a6401aa819b5d6bee604683/virtualenv-20.29.2-py3-none-any.whl", hash = "sha256:febddfc3d1ea571bdb1dc0f98d7b45d24def7428214d4fb73cc486c9568cce6a", size = 4301478 },
]
