# generated by rye
# use `rye lock` or `rye sync` to update this lockfile
#
# last locked with the following flags:
#   pre: false
#   features: []
#   all-features: true
#   with-sources: false
#   generate-hashes: false
#   universal: false

-e file:.
attrs==25.1.0
    # via xarray-validate
click==8.1.8
    # via dask
cloudpickle==3.1.1
    # via dask
dask==2025.2.0
    # via xarray-validate
fsspec==2025.2.0
    # via dask
importlib-metadata==8.6.1
    # via dask
locket==1.0.0
    # via partd
numpy==2.2.3
    # via pandas
    # via xarray
    # via xarray-validate
packaging==24.2
    # via dask
    # via xarray
pandas==2.2.3
    # via xarray
partd==1.4.2
    # via dask
python-dateutil==2.9.0.post0
    # via pandas
pytz==2025.1
    # via pandas
pyyaml==6.0.2
    # via dask
ruamel-yaml==0.18.10
    # via xarray-validate
ruamel-yaml-clib==0.2.12
    # via ruamel-yaml
six==1.17.0
    # via python-dateutil
toolz==1.0.0
    # via dask
    # via partd
tzdata==2025.1
    # via pandas
xarray==2025.1.2
    # via xarray-validate
zipp==3.21.0
    # via importlib-metadata
