# generated by rye
# use `rye lock` or `rye sync` to update this lockfile
#
# last locked with the following flags:
#   pre: false
#   features: []
#   all-features: false
#   with-sources: false
#   generate-hashes: false
#   universal: false

-e file:.
aiosqlite==0.21.0
    # via injected-utils
annotated-types==0.7.0
    # via pydantic
asttokens==2.4.1
    # via stack-data
beartype==0.18.5
    # via pinjected
cloudpickle==3.1.0
    # via pinjected
cytoolz==1.0.0
    # via pinjected
decorator==5.1.1
    # via ipython
execnet==2.1.1
    # via pytest-xdist
executing==2.1.0
    # via stack-data
expression==5.3.0
    # via pinjected
filelock==3.16.1
    # via injected-utils
fire==0.7.0
    # via pinjected
frozendict==2.4.6
    # via pinjected
iniconfig==2.0.0
    # via pytest
ipython==8.29.0
    # via pyvis
jedi==0.19.2
    # via ipython
jinja2==3.1.4
    # via pyvis
jsonpickle==4.0.0
    # via pyvis
loguru==0.7.2
    # via injected-utils
    # via pinjected
makefun==1.15.6
    # via pinjected
markdown-it-py==3.0.0
    # via rich
markupsafe==3.0.2
    # via jinja2
matplotlib-inline==0.1.7
    # via ipython
mdurl==0.1.2
    # via markdown-it-py
networkx==3.4.2
    # via pinjected
    # via pyvis
numpy==2.1.3
    # via pandas
packaging==24.2
    # via pytest
pandas==2.2.3
    # via injected-utils
parso==0.8.4
    # via jedi
pexpect==4.9.0
    # via ipython
pinjected==0.2.203
    # via injected-utils
pluggy==1.5.0
    # via pytest
prompt-toolkit==3.0.48
    # via ipython
ptyprocess==0.7.0
    # via pexpect
pure-eval==0.2.3
    # via stack-data
pydantic==2.10.1
    # via pinjected
pydantic-core==2.27.1
    # via pydantic
pygments==2.18.0
    # via ipython
    # via rich
pytest==8.3.3
    # via pinjected
    # via pytest-asyncio
    # via pytest-xdist
pytest-asyncio==0.24.0
    # via pinjected
pytest-xdist==3.6.1
    # via pinjected
python-dateutil==2.9.0.post0
    # via pandas
pytz==2024.2
    # via pandas
pyvis==0.3.2
    # via pinjected
pyyaml==6.0.2
    # via pinjected
returns==0.23.0
    # via injected-utils
    # via pinjected
rich==13.9.4
    # via pinjected
six==1.16.0
    # via asttokens
    # via python-dateutil
sqlitedict==2.1.0
    # via injected-utils
stack-data==0.6.3
    # via ipython
tabulate==0.9.0
    # via pinjected
termcolor==2.5.0
    # via fire
toolz==1.0.0
    # via cytoolz
tqdm==4.67.0
    # via injected-utils
traitlets==5.14.3
    # via ipython
    # via matplotlib-inline
typing-extensions==4.12.2
    # via aiosqlite
    # via expression
    # via pydantic
    # via pydantic-core
    # via returns
tzdata==2024.2
    # via pandas
wcwidth==0.2.13
    # via prompt-toolkit
