# generated by rye
# use `rye lock` or `rye sync` to update this lockfile
#
# last locked with the following flags:
#   pre: false
#   features: []
#   all-features: false
#   with-sources: false
#   generate-hashes: false
#   universal: false

-e file:.
attrs==25.1.0
    # via jsonschema
    # via referencing
jsonschema==4.23.0
    # via uyeia
jsonschema-specifications==2024.10.1
    # via jsonschema
referencing==0.36.2
    # via jsonschema
    # via jsonschema-specifications
rpds-py==0.22.3
    # via jsonschema
    # via referencing
typing-extensions==4.12.2
    # via referencing
